// !$*UTF8*$!
{
	archiveVersion = 1;
	classes = {
	};
	objectVersion = 55;
	objects = {

/* Begin PBXBuildFile section */
		1E491FF6280407D400764EF8 /* KanbanColumnViewControllerDelegate.swift in Sources */ = {isa = PBXBuildFile; fileRef = 1E491FF5280407D400764EF8 /* KanbanColumnViewControllerDelegate.swift */; };
		1E4920202804590600764EF8 /* PopUpViewController.swift in Sources */ = {isa = PBXBuildFile; fileRef = 1E49201F2804590600764EF8 /* PopUpViewController.swift */; };
		1E4920222805B7B200764EF8 /* PopUpContentsTextViewDelegate.swift in Sources */ = {isa = PBXBuildFile; fileRef = 1E4920212805B7B200764EF8 /* PopUpContentsTextViewDelegate.swift */; };
		1E74322E27FA94AC00B908E4 /* AppDelegate.swift in Sources */ = {isa = PBXBuildFile; fileRef = 1E74322D27FA94AC00B908E4 /* AppDelegate.swift */; };
		1E74323027FA94AC00B908E4 /* SceneDelegate.swift in Sources */ = {isa = PBXBuildFile; fileRef = 1E74322F27FA94AC00B908E4 /* SceneDelegate.swift */; };
		1E74323527FA94AC00B908E4 /* Main.storyboard in Resources */ = {isa = PBXBuildFile; fileRef = 1E74323327FA94AC00B908E4 /* Main.storyboard */; };
		1E74323727FA94AD00B908E4 /* Assets.xcassets in Resources */ = {isa = PBXBuildFile; fileRef = 1E74323627FA94AD00B908E4 /* Assets.xcassets */; };
		1E74323A27FA94AD00B908E4 /* LaunchScreen.storyboard in Resources */ = {isa = PBXBuildFile; fileRef = 1E74323827FA94AD00B908E4 /* LaunchScreen.storyboard */; };
		1E7432E727FD269300B908E4 /* MainViewController.swift in Sources */ = {isa = PBXBuildFile; fileRef = 1E7432E627FD269300B908E4 /* MainViewController.swift */; };
		1E7432EF27FD26C600B908E4 /* KanbanTableViewCell.swift in Sources */ = {isa = PBXBuildFile; fileRef = 1E7432EE27FD26C600B908E4 /* KanbanTableViewCell.swift */; };
		1E7432F127FD26DF00B908E4 /* KanbanTableViewDataSource.swift in Sources */ = {isa = PBXBuildFile; fileRef = 1E7432F027FD26DF00B908E4 /* KanbanTableViewDataSource.swift */; };
		1E7432F527FD271A00B908E4 /* KanbanTableCellData.swift in Sources */ = {isa = PBXBuildFile; fileRef = 1E7432F427FD271A00B908E4 /* KanbanTableCellData.swift */; };
		1E7432F727FD27B300B908E4 /* TableTitleView.swift in Sources */ = {isa = PBXBuildFile; fileRef = 1E7432F627FD27B300B908E4 /* TableTitleView.swift */; };
		1EF0291F27FEB9BD001AA033 /* KanbanType.swift in Sources */ = {isa = PBXBuildFile; fileRef = 1EF0291E27FEB9BD001AA033 /* KanbanType.swift */; };
		1EF0292127FEBE34001AA033 /* KanbanColumnViewController.swift in Sources */ = {isa = PBXBuildFile; fileRef = 1EF0292027FEBE34001AA033 /* KanbanColumnViewController.swift */; };
		1EF0292927FFD4AE001AA033 /* ContainerViewController.swift in Sources */ = {isa = PBXBuildFile; fileRef = 1EF0292827FFD4AE001AA033 /* ContainerViewController.swift */; };
		1EF0292E280023A5001AA033 /* MainViewControllerDelegate.swift in Sources */ = {isa = PBXBuildFile; fileRef = 1EF0292D280023A5001AA033 /* MainViewControllerDelegate.swift */; };
		1EF029672802AA62001AA033 /* TitleView.swift in Sources */ = {isa = PBXBuildFile; fileRef = 1EF029662802AA62001AA033 /* TitleView.swift */; };
		1EF029692802CAE3001AA033 /* InspectorViewControllerDelegate.swift in Sources */ = {isa = PBXBuildFile; fileRef = 1EF029682802CAE3001AA033 /* InspectorViewControllerDelegate.swift */; };
		7380B0D927FFC84500B5D052 /* InspectorTableViewDataSource.swift in Sources */ = {isa = PBXBuildFile; fileRef = 7380B0D827FFC84500B5D052 /* InspectorTableViewDataSource.swift */; };
		7380B0DB27FFC84F00B5D052 /* InspectorTableCellData.swift in Sources */ = {isa = PBXBuildFile; fileRef = 7380B0DA27FFC84F00B5D052 /* InspectorTableCellData.swift */; };
		7380B0DD27FFC85800B5D052 /* CALayer+addBorder.swift in Sources */ = {isa = PBXBuildFile; fileRef = 7380B0DC27FFC85800B5D052 /* CALayer+addBorder.swift */; };
		7380B0DF27FFC86A00B5D052 /* InspectorViewController.swift in Sources */ = {isa = PBXBuildFile; fileRef = 7380B0DE27FFC86A00B5D052 /* InspectorViewController.swift */; };
		7380B0E127FFC87300B5D052 /* InspectorTableViewCell.swift in Sources */ = {isa = PBXBuildFile; fileRef = 7380B0E027FFC87300B5D052 /* InspectorTableViewCell.swift */; };
		7380B0E727FFFE6600B5D052 /* PopUpView.swift in Sources */ = {isa = PBXBuildFile; fileRef = 7380B0E627FFFE6600B5D052 /* PopUpView.swift */; };
		7380B0E928001EC500B5D052 /* Constant.swift in Sources */ = {isa = PBXBuildFile; fileRef = 7380B0E828001EC500B5D052 /* Constant.swift */; };
/* End PBXBuildFile section */

/* Begin PBXFileReference section */
		1E491FF5280407D400764EF8 /* KanbanColumnViewControllerDelegate.swift */ = {isa = PBXFileReference; lastKnownFileType = sourcecode.swift; path = KanbanColumnViewControllerDelegate.swift; sourceTree = "<group>"; };
		1E49201F2804590600764EF8 /* PopUpViewController.swift */ = {isa = PBXFileReference; lastKnownFileType = sourcecode.swift; path = PopUpViewController.swift; sourceTree = "<group>"; };
		1E4920212805B7B200764EF8 /* PopUpContentsTextViewDelegate.swift */ = {isa = PBXFileReference; lastKnownFileType = sourcecode.swift; path = PopUpContentsTextViewDelegate.swift; sourceTree = "<group>"; };
		1E74322A27FA94AC00B908E4 /* ToDoListApp.app */ = {isa = PBXFileReference; explicitFileType = wrapper.application; includeInIndex = 0; path = ToDoListApp.app; sourceTree = BUILT_PRODUCTS_DIR; };
		1E74322D27FA94AC00B908E4 /* AppDelegate.swift */ = {isa = PBXFileReference; lastKnownFileType = sourcecode.swift; path = AppDelegate.swift; sourceTree = "<group>"; };
		1E74322F27FA94AC00B908E4 /* SceneDelegate.swift */ = {isa = PBXFileReference; lastKnownFileType = sourcecode.swift; path = SceneDelegate.swift; sourceTree = "<group>"; };
		1E74323427FA94AC00B908E4 /* Base */ = {isa = PBXFileReference; lastKnownFileType = file.storyboard; name = Base; path = Base.lproj/Main.storyboard; sourceTree = "<group>"; };
		1E74323627FA94AD00B908E4 /* Assets.xcassets */ = {isa = PBXFileReference; lastKnownFileType = folder.assetcatalog; path = Assets.xcassets; sourceTree = "<group>"; };
		1E74323927FA94AD00B908E4 /* Base */ = {isa = PBXFileReference; lastKnownFileType = file.storyboard; name = Base; path = Base.lproj/LaunchScreen.storyboard; sourceTree = "<group>"; };
		1E74323B27FA94AD00B908E4 /* Info.plist */ = {isa = PBXFileReference; lastKnownFileType = text.plist.xml; path = Info.plist; sourceTree = "<group>"; };
		1E7432E627FD269300B908E4 /* MainViewController.swift */ = {isa = PBXFileReference; lastKnownFileType = sourcecode.swift; path = MainViewController.swift; sourceTree = "<group>"; };
		1E7432EE27FD26C600B908E4 /* KanbanTableViewCell.swift */ = {isa = PBXFileReference; lastKnownFileType = sourcecode.swift; path = KanbanTableViewCell.swift; sourceTree = "<group>"; };
		1E7432F027FD26DF00B908E4 /* KanbanTableViewDataSource.swift */ = {isa = PBXFileReference; lastKnownFileType = sourcecode.swift; path = KanbanTableViewDataSource.swift; sourceTree = "<group>"; };
		1E7432F427FD271A00B908E4 /* KanbanTableCellData.swift */ = {isa = PBXFileReference; lastKnownFileType = sourcecode.swift; path = KanbanTableCellData.swift; sourceTree = "<group>"; };
		1E7432F627FD27B300B908E4 /* TableTitleView.swift */ = {isa = PBXFileReference; lastKnownFileType = sourcecode.swift; path = TableTitleView.swift; sourceTree = "<group>"; };
		1EF0291E27FEB9BD001AA033 /* KanbanType.swift */ = {isa = PBXFileReference; lastKnownFileType = sourcecode.swift; path = KanbanType.swift; sourceTree = "<group>"; };
		1EF0292027FEBE34001AA033 /* KanbanColumnViewController.swift */ = {isa = PBXFileReference; lastKnownFileType = sourcecode.swift; path = KanbanColumnViewController.swift; sourceTree = "<group>"; };
		1EF0292827FFD4AE001AA033 /* ContainerViewController.swift */ = {isa = PBXFileReference; lastKnownFileType = sourcecode.swift; path = ContainerViewController.swift; sourceTree = "<group>"; };
		1EF0292D280023A5001AA033 /* MainViewControllerDelegate.swift */ = {isa = PBXFileReference; lastKnownFileType = sourcecode.swift; path = MainViewControllerDelegate.swift; sourceTree = "<group>"; };
		1EF029662802AA62001AA033 /* TitleView.swift */ = {isa = PBXFileReference; lastKnownFileType = sourcecode.swift; path = TitleView.swift; sourceTree = "<group>"; };
		1EF029682802CAE3001AA033 /* InspectorViewControllerDelegate.swift */ = {isa = PBXFileReference; lastKnownFileType = sourcecode.swift; path = InspectorViewControllerDelegate.swift; sourceTree = "<group>"; };
		7380B0D827FFC84500B5D052 /* InspectorTableViewDataSource.swift */ = {isa = PBXFileReference; fileEncoding = 4; lastKnownFileType = sourcecode.swift; path = InspectorTableViewDataSource.swift; sourceTree = "<group>"; };
		7380B0DA27FFC84F00B5D052 /* InspectorTableCellData.swift */ = {isa = PBXFileReference; fileEncoding = 4; lastKnownFileType = sourcecode.swift; path = InspectorTableCellData.swift; sourceTree = "<group>"; };
		7380B0DC27FFC85800B5D052 /* CALayer+addBorder.swift */ = {isa = PBXFileReference; fileEncoding = 4; lastKnownFileType = sourcecode.swift; path = "CALayer+addBorder.swift"; sourceTree = "<group>"; };
		7380B0DE27FFC86A00B5D052 /* InspectorViewController.swift */ = {isa = PBXFileReference; fileEncoding = 4; lastKnownFileType = sourcecode.swift; path = InspectorViewController.swift; sourceTree = "<group>"; };
		7380B0E027FFC87300B5D052 /* InspectorTableViewCell.swift */ = {isa = PBXFileReference; fileEncoding = 4; lastKnownFileType = sourcecode.swift; path = InspectorTableViewCell.swift; sourceTree = "<group>"; };
		7380B0E627FFFE6600B5D052 /* PopUpView.swift */ = {isa = PBXFileReference; lastKnownFileType = sourcecode.swift; path = PopUpView.swift; sourceTree = "<group>"; };
		7380B0E828001EC500B5D052 /* Constant.swift */ = {isa = PBXFileReference; lastKnownFileType = sourcecode.swift; path = Constant.swift; sourceTree = "<group>"; };
/* End PBXFileReference section */

/* Begin PBXFrameworksBuildPhase section */
		1E74322727FA94AC00B908E4 /* Frameworks */ = {
			isa = PBXFrameworksBuildPhase;
			buildActionMask = 2147483647;
			files = (
			);
			runOnlyForDeploymentPostprocessing = 0;
		};
/* End PBXFrameworksBuildPhase section */

/* Begin PBXGroup section */
		1E74322127FA94AC00B908E4 = {
			isa = PBXGroup;
			children = (
				1E74322C27FA94AC00B908E4 /* ToDoListApp */,
				1E74322B27FA94AC00B908E4 /* Products */,
			);
			sourceTree = "<group>";
		};
		1E74322B27FA94AC00B908E4 /* Products */ = {
			isa = PBXGroup;
			children = (
				1E74322A27FA94AC00B908E4 /* ToDoListApp.app */,
			);
			name = Products;
			sourceTree = "<group>";
		};
		1E74322C27FA94AC00B908E4 /* ToDoListApp */ = {
			isa = PBXGroup;
			children = (
				1E74322D27FA94AC00B908E4 /* AppDelegate.swift */,
				1E74322F27FA94AC00B908E4 /* SceneDelegate.swift */,
				1EF0292F28002814001AA033 /* Constant */,
				1EF0293028002831001AA033 /* Extension */,
				1E7432E527FD184E00B908E4 /* Model */,
				1E7432E327FD17BE00B908E4 /* Controller */,
				1E7432E127FD178D00B908E4 /* View */,
				1E74323327FA94AC00B908E4 /* Main.storyboard */,
				1E74323627FA94AD00B908E4 /* Assets.xcassets */,
				1E74323827FA94AD00B908E4 /* LaunchScreen.storyboard */,
				1E74323B27FA94AD00B908E4 /* Info.plist */,
			);
			path = ToDoListApp;
			sourceTree = "<group>";
		};
		1E7432E127FD178D00B908E4 /* View */ = {
			isa = PBXGroup;
			children = (
				1EF029662802AA62001AA033 /* TitleView.swift */,
				1E7432EE27FD26C600B908E4 /* KanbanTableViewCell.swift */,
				7380B0E027FFC87300B5D052 /* InspectorTableViewCell.swift */,
				1E7432F627FD27B300B908E4 /* TableTitleView.swift */,
				7380B0E627FFFE6600B5D052 /* PopUpView.swift */,
			);
			path = View;
			sourceTree = "<group>";
		};
		1E7432E327FD17BE00B908E4 /* Controller */ = {
			isa = PBXGroup;
			children = (
				1EF0292827FFD4AE001AA033 /* ContainerViewController.swift */,
				1E7432E627FD269300B908E4 /* MainViewController.swift */,
				1EF0292027FEBE34001AA033 /* KanbanColumnViewController.swift */,
				7380B0DE27FFC86A00B5D052 /* InspectorViewController.swift */,
				1E49201F2804590600764EF8 /* PopUpViewController.swift */,
			);
			path = Controller;
			sourceTree = "<group>";
		};
		1E7432E527FD184E00B908E4 /* Model */ = {
			isa = PBXGroup;
			children = (
				1EF0292A28001B77001AA033 /* Delegate & DataSource */,
				1E7432F427FD271A00B908E4 /* KanbanTableCellData.swift */,
				7380B0DA27FFC84F00B5D052 /* InspectorTableCellData.swift */,
				1EF0291E27FEB9BD001AA033 /* KanbanType.swift */,
			);
			path = Model;
			sourceTree = "<group>";
		};
		1EF0292A28001B77001AA033 /* Delegate & DataSource */ = {
			isa = PBXGroup;
			children = (
				1EF0292D280023A5001AA033 /* MainViewControllerDelegate.swift */,
				1EF029682802CAE3001AA033 /* InspectorViewControllerDelegate.swift */,
				1E491FF5280407D400764EF8 /* KanbanColumnViewControllerDelegate.swift */,
				1E7432F027FD26DF00B908E4 /* KanbanTableViewDataSource.swift */,
				7380B0D827FFC84500B5D052 /* InspectorTableViewDataSource.swift */,
				1E4920212805B7B200764EF8 /* PopUpContentsTextViewDelegate.swift */,
			);
			path = "Delegate & DataSource";
			sourceTree = "<group>";
		};
		1EF0292F28002814001AA033 /* Constant */ = {
			isa = PBXGroup;
			children = (
				7380B0E828001EC500B5D052 /* Constant.swift */,
			);
			path = Constant;
			sourceTree = "<group>";
		};
		1EF0293028002831001AA033 /* Extension */ = {
			isa = PBXGroup;
			children = (
				7380B0DC27FFC85800B5D052 /* CALayer+addBorder.swift */,
			);
			path = Extension;
			sourceTree = "<group>";
		};
/* End PBXGroup section */

/* Begin PBXNativeTarget section */
		1E74322927FA94AC00B908E4 /* ToDoListApp */ = {
			isa = PBXNativeTarget;
			buildConfigurationList = 1E74323E27FA94AD00B908E4 /* Build configuration list for PBXNativeTarget "ToDoListApp" */;
			buildPhases = (
				1E74322627FA94AC00B908E4 /* Sources */,
				1E74322727FA94AC00B908E4 /* Frameworks */,
				1E74322827FA94AC00B908E4 /* Resources */,
			);
			buildRules = (
			);
			dependencies = (
			);
			name = ToDoListApp;
			productName = ToDoListApp;
			productReference = 1E74322A27FA94AC00B908E4 /* ToDoListApp.app */;
			productType = "com.apple.product-type.application";
		};
/* End PBXNativeTarget section */

/* Begin PBXProject section */
		1E74322227FA94AC00B908E4 /* Project object */ = {
			isa = PBXProject;
			attributes = {
				BuildIndependentTargetsInParallel = 1;
				LastSwiftUpdateCheck = 1320;
				LastUpgradeCheck = 1320;
				TargetAttributes = {
					1E74322927FA94AC00B908E4 = {
						CreatedOnToolsVersion = 13.2.1;
					};
				};
			};
			buildConfigurationList = 1E74322527FA94AC00B908E4 /* Build configuration list for PBXProject "ToDoListApp" */;
			compatibilityVersion = "Xcode 13.0";
			developmentRegion = en;
			hasScannedForEncodings = 0;
			knownRegions = (
				en,
				Base,
			);
			mainGroup = 1E74322127FA94AC00B908E4;
			productRefGroup = 1E74322B27FA94AC00B908E4 /* Products */;
			projectDirPath = "";
			projectRoot = "";
			targets = (
				1E74322927FA94AC00B908E4 /* ToDoListApp */,
			);
		};
/* End PBXProject section */

/* Begin PBXResourcesBuildPhase section */
		1E74322827FA94AC00B908E4 /* Resources */ = {
			isa = PBXResourcesBuildPhase;
			buildActionMask = 2147483647;
			files = (
				1E74323A27FA94AD00B908E4 /* LaunchScreen.storyboard in Resources */,
				1E74323727FA94AD00B908E4 /* Assets.xcassets in Resources */,
				1E74323527FA94AC00B908E4 /* Main.storyboard in Resources */,
			);
			runOnlyForDeploymentPostprocessing = 0;
		};
/* End PBXResourcesBuildPhase section */

/* Begin PBXSourcesBuildPhase section */
		1E74322627FA94AC00B908E4 /* Sources */ = {
			isa = PBXSourcesBuildPhase;
			buildActionMask = 2147483647;
			files = (
				1EF0292E280023A5001AA033 /* MainViewControllerDelegate.swift in Sources */,
				7380B0E127FFC87300B5D052 /* InspectorTableViewCell.swift in Sources */,
				7380B0DF27FFC86A00B5D052 /* InspectorViewController.swift in Sources */,
				1E7432EF27FD26C600B908E4 /* KanbanTableViewCell.swift in Sources */,
				1E4920222805B7B200764EF8 /* PopUpContentsTextViewDelegate.swift in Sources */,
				7380B0E928001EC500B5D052 /* Constant.swift in Sources */,
				7380B0DD27FFC85800B5D052 /* CALayer+addBorder.swift in Sources */,
				1E7432F527FD271A00B908E4 /* KanbanTableCellData.swift in Sources */,
				7380B0DB27FFC84F00B5D052 /* InspectorTableCellData.swift in Sources */,
				1E7432E727FD269300B908E4 /* MainViewController.swift in Sources */,
				1EF029692802CAE3001AA033 /* InspectorViewControllerDelegate.swift in Sources */,
				1E7432F727FD27B300B908E4 /* TableTitleView.swift in Sources */,
				1E74322E27FA94AC00B908E4 /* AppDelegate.swift in Sources */,
				7380B0E727FFFE6600B5D052 /* PopUpView.swift in Sources */,
				1E7432F127FD26DF00B908E4 /* KanbanTableViewDataSource.swift in Sources */,
				1E74323027FA94AC00B908E4 /* SceneDelegate.swift in Sources */,
				7380B0D927FFC84500B5D052 /* InspectorTableViewDataSource.swift in Sources */,
				1E491FF6280407D400764EF8 /* KanbanColumnViewControllerDelegate.swift in Sources */,
				1EF0291F27FEB9BD001AA033 /* KanbanType.swift in Sources */,
				1E4920202804590600764EF8 /* PopUpViewController.swift in Sources */,
				1EF0292927FFD4AE001AA033 /* ContainerViewController.swift in Sources */,
				1EF0292127FEBE34001AA033 /* KanbanColumnViewController.swift in Sources */,
				1EF029672802AA62001AA033 /* TitleView.swift in Sources */,
			);
			runOnlyForDeploymentPostprocessing = 0;
		};
/* End PBXSourcesBuildPhase section */

/* Begin PBXVariantGroup section */
		1E74323327FA94AC00B908E4 /* Main.storyboard */ = {
			isa = PBXVariantGroup;
			children = (
				1E74323427FA94AC00B908E4 /* Base */,
			);
			name = Main.storyboard;
			sourceTree = "<group>";
		};
		1E74323827FA94AD00B908E4 /* LaunchScreen.storyboard */ = {
			isa = PBXVariantGroup;
			children = (
				1E74323927FA94AD00B908E4 /* Base */,
			);
			name = LaunchScreen.storyboard;
			sourceTree = "<group>";
		};
/* End PBXVariantGroup section */

/* Begin XCBuildConfiguration section */
		1E74323C27FA94AD00B908E4 /* Debug */ = {
			isa = XCBuildConfiguration;
			buildSettings = {
				ALWAYS_SEARCH_USER_PATHS = NO;
				CLANG_ANALYZER_NONNULL = YES;
				CLANG_ANALYZER_NUMBER_OBJECT_CONVERSION = YES_AGGRESSIVE;
				CLANG_CXX_LANGUAGE_STANDARD = "gnu++17";
				CLANG_CXX_LIBRARY = "libc++";
				CLANG_ENABLE_MODULES = YES;
				CLANG_ENABLE_OBJC_ARC = YES;
				CLANG_ENABLE_OBJC_WEAK = YES;
				CLANG_WARN_BLOCK_CAPTURE_AUTORELEASING = YES;
				CLANG_WARN_BOOL_CONVERSION = YES;
				CLANG_WARN_COMMA = YES;
				CLANG_WARN_CONSTANT_CONVERSION = YES;
				CLANG_WARN_DEPRECATED_OBJC_IMPLEMENTATIONS = YES;
				CLANG_WARN_DIRECT_OBJC_ISA_USAGE = YES_ERROR;
				CLANG_WARN_DOCUMENTATION_COMMENTS = YES;
				CLANG_WARN_EMPTY_BODY = YES;
				CLANG_WARN_ENUM_CONVERSION = YES;
				CLANG_WARN_INFINITE_RECURSION = YES;
				CLANG_WARN_INT_CONVERSION = YES;
				CLANG_WARN_NON_LITERAL_NULL_CONVERSION = YES;
				CLANG_WARN_OBJC_IMPLICIT_RETAIN_SELF = YES;
				CLANG_WARN_OBJC_LITERAL_CONVERSION = YES;
				CLANG_WARN_OBJC_ROOT_CLASS = YES_ERROR;
				CLANG_WARN_QUOTED_INCLUDE_IN_FRAMEWORK_HEADER = YES;
				CLANG_WARN_RANGE_LOOP_ANALYSIS = YES;
				CLANG_WARN_STRICT_PROTOTYPES = YES;
				CLANG_WARN_SUSPICIOUS_MOVE = YES;
				CLANG_WARN_UNGUARDED_AVAILABILITY = YES_AGGRESSIVE;
				CLANG_WARN_UNREACHABLE_CODE = YES;
				CLANG_WARN__DUPLICATE_METHOD_MATCH = YES;
				COPY_PHASE_STRIP = NO;
				DEBUG_INFORMATION_FORMAT = dwarf;
				ENABLE_STRICT_OBJC_MSGSEND = YES;
				ENABLE_TESTABILITY = YES;
				GCC_C_LANGUAGE_STANDARD = gnu11;
				GCC_DYNAMIC_NO_PIC = NO;
				GCC_NO_COMMON_BLOCKS = YES;
				GCC_OPTIMIZATION_LEVEL = 0;
				GCC_PREPROCESSOR_DEFINITIONS = (
					"DEBUG=1",
					"$(inherited)",
				);
				GCC_WARN_64_TO_32_BIT_CONVERSION = YES;
				GCC_WARN_ABOUT_RETURN_TYPE = YES_ERROR;
				GCC_WARN_UNDECLARED_SELECTOR = YES;
				GCC_WARN_UNINITIALIZED_AUTOS = YES_AGGRESSIVE;
				GCC_WARN_UNUSED_FUNCTION = YES;
				GCC_WARN_UNUSED_VARIABLE = YES;
				IPHONEOS_DEPLOYMENT_TARGET = 15.0;
				MTL_ENABLE_DEBUG_INFO = INCLUDE_SOURCE;
				MTL_FAST_MATH = YES;
				ONLY_ACTIVE_ARCH = YES;
				SDKROOT = iphoneos;
				SWIFT_ACTIVE_COMPILATION_CONDITIONS = DEBUG;
				SWIFT_OPTIMIZATION_LEVEL = "-Onone";
			};
			name = Debug;
		};
		1E74323D27FA94AD00B908E4 /* Release */ = {
			isa = XCBuildConfiguration;
			buildSettings = {
				ALWAYS_SEARCH_USER_PATHS = NO;
				CLANG_ANALYZER_NONNULL = YES;
				CLANG_ANALYZER_NUMBER_OBJECT_CONVERSION = YES_AGGRESSIVE;
				CLANG_CXX_LANGUAGE_STANDARD = "gnu++17";
				CLANG_CXX_LIBRARY = "libc++";
				CLANG_ENABLE_MODULES = YES;
				CLANG_ENABLE_OBJC_ARC = YES;
				CLANG_ENABLE_OBJC_WEAK = YES;
				CLANG_WARN_BLOCK_CAPTURE_AUTORELEASING = YES;
				CLANG_WARN_BOOL_CONVERSION = YES;
				CLANG_WARN_COMMA = YES;
				CLANG_WARN_CONSTANT_CONVERSION = YES;
				CLANG_WARN_DEPRECATED_OBJC_IMPLEMENTATIONS = YES;
				CLANG_WARN_DIRECT_OBJC_ISA_USAGE = YES_ERROR;
				CLANG_WARN_DOCUMENTATION_COMMENTS = YES;
				CLANG_WARN_EMPTY_BODY = YES;
				CLANG_WARN_ENUM_CONVERSION = YES;
				CLANG_WARN_INFINITE_RECURSION = YES;
				CLANG_WARN_INT_CONVERSION = YES;
				CLANG_WARN_NON_LITERAL_NULL_CONVERSION = YES;
				CLANG_WARN_OBJC_IMPLICIT_RETAIN_SELF = YES;
				CLANG_WARN_OBJC_LITERAL_CONVERSION = YES;
				CLANG_WARN_OBJC_ROOT_CLASS = YES_ERROR;
				CLANG_WARN_QUOTED_INCLUDE_IN_FRAMEWORK_HEADER = YES;
				CLANG_WARN_RANGE_LOOP_ANALYSIS = YES;
				CLANG_WARN_STRICT_PROTOTYPES = YES;
				CLANG_WARN_SUSPICIOUS_MOVE = YES;
				CLANG_WARN_UNGUARDED_AVAILABILITY = YES_AGGRESSIVE;
				CLANG_WARN_UNREACHABLE_CODE = YES;
				CLANG_WARN__DUPLICATE_METHOD_MATCH = YES;
				COPY_PHASE_STRIP = NO;
				DEBUG_INFORMATION_FORMAT = "dwarf-with-dsym";
				ENABLE_NS_ASSERTIONS = NO;
				ENABLE_STRICT_OBJC_MSGSEND = YES;
				GCC_C_LANGUAGE_STANDARD = gnu11;
				GCC_NO_COMMON_BLOCKS = YES;
				GCC_WARN_64_TO_32_BIT_CONVERSION = YES;
				GCC_WARN_ABOUT_RETURN_TYPE = YES_ERROR;
				GCC_WARN_UNDECLARED_SELECTOR = YES;
				GCC_WARN_UNINITIALIZED_AUTOS = YES_AGGRESSIVE;
				GCC_WARN_UNUSED_FUNCTION = YES;
				GCC_WARN_UNUSED_VARIABLE = YES;
				IPHONEOS_DEPLOYMENT_TARGET = 15.0;
				MTL_ENABLE_DEBUG_INFO = NO;
				MTL_FAST_MATH = YES;
				SDKROOT = iphoneos;
				SWIFT_COMPILATION_MODE = wholemodule;
				SWIFT_OPTIMIZATION_LEVEL = "-O";
				VALIDATE_PRODUCT = YES;
			};
			name = Release;
		};
		1E74323F27FA94AD00B908E4 /* Debug */ = {
			isa = XCBuildConfiguration;
			buildSettings = {
				ASSETCATALOG_COMPILER_APPICON_NAME = AppIcon;
				ASSETCATALOG_COMPILER_GLOBAL_ACCENT_COLOR_NAME = AccentColor;
				CODE_SIGN_STYLE = Automatic;
				CURRENT_PROJECT_VERSION = 1;
				DEVELOPMENT_TEAM = 6Y9V523M6R;
				GENERATE_INFOPLIST_FILE = YES;
				INFOPLIST_FILE = ToDoListApp/Info.plist;
				INFOPLIST_KEY_UIApplicationSupportsIndirectInputEvents = YES;
				INFOPLIST_KEY_UILaunchStoryboardName = LaunchScreen;
				INFOPLIST_KEY_UIMainStoryboardFile = Main;
				INFOPLIST_KEY_UISupportedInterfaceOrientations_iPad = "UIInterfaceOrientationPortrait UIInterfaceOrientationPortraitUpsideDown UIInterfaceOrientationLandscapeLeft UIInterfaceOrientationLandscapeRight";
				INFOPLIST_KEY_UISupportedInterfaceOrientations_iPhone = "UIInterfaceOrientationPortrait UIInterfaceOrientationLandscapeLeft UIInterfaceOrientationLandscapeRight";
				LD_RUNPATH_SEARCH_PATHS = (
					"$(inherited)",
					"@executable_path/Frameworks",
				);
				MARKETING_VERSION = 1.0;
				PRODUCT_BUNDLE_IDENTIFIER = com.sanghyeok.test.ToDoListApp;
				PRODUCT_NAME = "$(TARGET_NAME)";
				SWIFT_EMIT_LOC_STRINGS = YES;
				SWIFT_VERSION = 5.0;
				TARGETED_DEVICE_FAMILY = "1,2";
			};
			name = Debug;
		};
		1E74324027FA94AD00B908E4 /* Release */ = {
			isa = XCBuildConfiguration;
			buildSettings = {
				ASSETCATALOG_COMPILER_APPICON_NAME = AppIcon;
				ASSETCATALOG_COMPILER_GLOBAL_ACCENT_COLOR_NAME = AccentColor;
				CODE_SIGN_STYLE = Automatic;
				CURRENT_PROJECT_VERSION = 1;
				DEVELOPMENT_TEAM = 6Y9V523M6R;
				GENERATE_INFOPLIST_FILE = YES;
				INFOPLIST_FILE = ToDoListApp/Info.plist;
				INFOPLIST_KEY_UIApplicationSupportsIndirectInputEvents = YES;
				INFOPLIST_KEY_UILaunchStoryboardName = LaunchScreen;
				INFOPLIST_KEY_UIMainStoryboardFile = Main;
				INFOPLIST_KEY_UISupportedInterfaceOrientations_iPad = "UIInterfaceOrientationPortrait UIInterfaceOrientationPortraitUpsideDown UIInterfaceOrientationLandscapeLeft UIInterfaceOrientationLandscapeRight";
				INFOPLIST_KEY_UISupportedInterfaceOrientations_iPhone = "UIInterfaceOrientationPortrait UIInterfaceOrientationLandscapeLeft UIInterfaceOrientationLandscapeRight";
				LD_RUNPATH_SEARCH_PATHS = (
					"$(inherited)",
					"@executable_path/Frameworks",
				);
				MARKETING_VERSION = 1.0;
				PRODUCT_BUNDLE_IDENTIFIER = com.sanghyeok.test.ToDoListApp;
				PRODUCT_NAME = "$(TARGET_NAME)";
				SWIFT_EMIT_LOC_STRINGS = YES;
				SWIFT_VERSION = 5.0;
				TARGETED_DEVICE_FAMILY = "1,2";
			};
			name = Release;
		};
/* End XCBuildConfiguration section */

/* Begin XCConfigurationList section */
		1E74322527FA94AC00B908E4 /* Build configuration list for PBXProject "ToDoListApp" */ = {
			isa = XCConfigurationList;
			buildConfigurations = (
				1E74323C27FA94AD00B908E4 /* Debug */,
				1E74323D27FA94AD00B908E4 /* Release */,
			);
			defaultConfigurationIsVisible = 0;
			defaultConfigurationName = Release;
		};
		1E74323E27FA94AD00B908E4 /* Build configuration list for PBXNativeTarget "ToDoListApp" */ = {
			isa = XCConfigurationList;
			buildConfigurations = (
				1E74323F27FA94AD00B908E4 /* Debug */,
				1E74324027FA94AD00B908E4 /* Release */,
			);
			defaultConfigurationIsVisible = 0;
			defaultConfigurationName = Release;
		};
/* End XCConfigurationList section */
	};
	rootObject = 1E74322227FA94AC00B908E4 /* Project object */;
}
