// !$*UTF8*$!
{
	archiveVersion = 1;
	classes = {
	};
	objectVersion = 55;
	objects = {

/* Begin PBXBuildFile section */
		6C22959727FD64C800381DA2 /* EditCardView.swift in Sources */ = {isa = PBXBuildFile; fileRef = 6C22959627FD64C800381DA2 /* EditCardView.swift */; };
		6C22959927FD64DB00381DA2 /* EditCardView.xib in Resources */ = {isa = PBXBuildFile; fileRef = 6C22959827FD64DB00381DA2 /* EditCardView.xib */; };
		6C22959B27FD698000381DA2 /* EditCardViewController.swift in Sources */ = {isa = PBXBuildFile; fileRef = 6C22959A27FD698000381DA2 /* EditCardViewController.swift */; };
		6CF3C10927FC2907003B4803 /* TaskCardViewCell.swift in Sources */ = {isa = PBXBuildFile; fileRef = 6CF3C10727FC2907003B4803 /* TaskCardViewCell.swift */; };
		6CF3C10A27FC2907003B4803 /* TaskCardViewCell.xib in Resources */ = {isa = PBXBuildFile; fileRef = 6CF3C10827FC2907003B4803 /* TaskCardViewCell.xib */; };
		6F41D5A327FAE04A00EA3FA8 /* AppDelegate.swift in Sources */ = {isa = PBXBuildFile; fileRef = 6F41D5A227FAE04A00EA3FA8 /* AppDelegate.swift */; };
		6F41D5A527FAE04A00EA3FA8 /* SceneDelegate.swift in Sources */ = {isa = PBXBuildFile; fileRef = 6F41D5A427FAE04A00EA3FA8 /* SceneDelegate.swift */; };
		6F41D5A727FAE04A00EA3FA8 /* MyTaskViewController.swift in Sources */ = {isa = PBXBuildFile; fileRef = 6F41D5A627FAE04A00EA3FA8 /* MyTaskViewController.swift */; };
		6F41D5AA27FAE04A00EA3FA8 /* Main.storyboard in Resources */ = {isa = PBXBuildFile; fileRef = 6F41D5A827FAE04A00EA3FA8 /* Main.storyboard */; };
		6F41D5AC27FAE04B00EA3FA8 /* Assets.xcassets in Resources */ = {isa = PBXBuildFile; fileRef = 6F41D5AB27FAE04B00EA3FA8 /* Assets.xcassets */; };
		6F41D5AF27FAE04B00EA3FA8 /* LaunchScreen.storyboard in Resources */ = {isa = PBXBuildFile; fileRef = 6F41D5AD27FAE04B00EA3FA8 /* LaunchScreen.storyboard */; };
		6F41D5BB27FBD6F700EA3FA8 /* TaskCardListView.swift in Sources */ = {isa = PBXBuildFile; fileRef = 6F41D5BA27FBD6F700EA3FA8 /* TaskCardListView.swift */; };
		6F41D5C127FC085C00EA3FA8 /* TaskCardListViewController.swift in Sources */ = {isa = PBXBuildFile; fileRef = 6F41D5C027FC085C00EA3FA8 /* TaskCardListViewController.swift */; };
		6F77E26127FECCED0036B6E1 /* NameSpace.swift in Sources */ = {isa = PBXBuildFile; fileRef = 6F77E26027FECCED0036B6E1 /* NameSpace.swift */; };
		6F77E27127FED8150036B6E1 /* TaskCardListView.xib in Resources */ = {isa = PBXBuildFile; fileRef = 6F77E27027FED8150036B6E1 /* TaskCardListView.xib */; };
		6F77E27327FFD6240036B6E1 /* ActionBoardViewController.swift in Sources */ = {isa = PBXBuildFile; fileRef = 6F77E27227FFD6240036B6E1 /* ActionBoardViewController.swift */; };
		6F77E27627FFDC180036B6E1 /* ActionCardViewCell.swift in Sources */ = {isa = PBXBuildFile; fileRef = 6F77E27427FFDC180036B6E1 /* ActionCardViewCell.swift */; };
		6F77E27727FFDC180036B6E1 /* ActionCardViewCell.xib in Resources */ = {isa = PBXBuildFile; fileRef = 6F77E27527FFDC180036B6E1 /* ActionCardViewCell.xib */; };
		6FC4ABD527FE7B0F00231F9E /* TaskBoardView.swift in Sources */ = {isa = PBXBuildFile; fileRef = 6FC4ABD427FE7B0F00231F9E /* TaskBoardView.swift */; };
/* End PBXBuildFile section */

/* Begin PBXFileReference section */
		6C22959627FD64C800381DA2 /* EditCardView.swift */ = {isa = PBXFileReference; lastKnownFileType = sourcecode.swift; path = EditCardView.swift; sourceTree = "<group>"; };
		6C22959827FD64DB00381DA2 /* EditCardView.xib */ = {isa = PBXFileReference; lastKnownFileType = file.xib; path = EditCardView.xib; sourceTree = "<group>"; };
		6C22959A27FD698000381DA2 /* EditCardViewController.swift */ = {isa = PBXFileReference; lastKnownFileType = sourcecode.swift; path = EditCardViewController.swift; sourceTree = "<group>"; };
		6CF3C10727FC2907003B4803 /* TaskCardViewCell.swift */ = {isa = PBXFileReference; lastKnownFileType = sourcecode.swift; path = TaskCardViewCell.swift; sourceTree = "<group>"; };
		6CF3C10827FC2907003B4803 /* TaskCardViewCell.xib */ = {isa = PBXFileReference; lastKnownFileType = file.xib; path = TaskCardViewCell.xib; sourceTree = "<group>"; };
		6F41D59F27FAE04A00EA3FA8 /* TodoList.app */ = {isa = PBXFileReference; explicitFileType = wrapper.application; includeInIndex = 0; path = TodoList.app; sourceTree = BUILT_PRODUCTS_DIR; };
		6F41D5A227FAE04A00EA3FA8 /* AppDelegate.swift */ = {isa = PBXFileReference; lastKnownFileType = sourcecode.swift; path = AppDelegate.swift; sourceTree = "<group>"; };
		6F41D5A427FAE04A00EA3FA8 /* SceneDelegate.swift */ = {isa = PBXFileReference; lastKnownFileType = sourcecode.swift; path = SceneDelegate.swift; sourceTree = "<group>"; };
		6F41D5A627FAE04A00EA3FA8 /* MyTaskViewController.swift */ = {isa = PBXFileReference; lastKnownFileType = sourcecode.swift; path = MyTaskViewController.swift; sourceTree = "<group>"; };
		6F41D5A927FAE04A00EA3FA8 /* Base */ = {isa = PBXFileReference; lastKnownFileType = file.storyboard; name = Base; path = Base.lproj/Main.storyboard; sourceTree = "<group>"; };
		6F41D5AB27FAE04B00EA3FA8 /* Assets.xcassets */ = {isa = PBXFileReference; lastKnownFileType = folder.assetcatalog; path = Assets.xcassets; sourceTree = "<group>"; };
		6F41D5AE27FAE04B00EA3FA8 /* Base */ = {isa = PBXFileReference; lastKnownFileType = file.storyboard; name = Base; path = Base.lproj/LaunchScreen.storyboard; sourceTree = "<group>"; };
		6F41D5B027FAE04B00EA3FA8 /* Info.plist */ = {isa = PBXFileReference; lastKnownFileType = text.plist.xml; path = Info.plist; sourceTree = "<group>"; };
		6F41D5BA27FBD6F700EA3FA8 /* TaskCardListView.swift */ = {isa = PBXFileReference; lastKnownFileType = sourcecode.swift; path = TaskCardListView.swift; sourceTree = "<group>"; };
		6F41D5C027FC085C00EA3FA8 /* TaskCardListViewController.swift */ = {isa = PBXFileReference; lastKnownFileType = sourcecode.swift; path = TaskCardListViewController.swift; sourceTree = "<group>"; };
		6F77E26027FECCED0036B6E1 /* NameSpace.swift */ = {isa = PBXFileReference; lastKnownFileType = sourcecode.swift; path = NameSpace.swift; sourceTree = "<group>"; };
		6F77E27027FED8150036B6E1 /* TaskCardListView.xib */ = {isa = PBXFileReference; fileEncoding = 4; lastKnownFileType = file.xib; path = TaskCardListView.xib; sourceTree = "<group>"; };
		6F77E27227FFD6240036B6E1 /* ActionBoardViewController.swift */ = {isa = PBXFileReference; lastKnownFileType = sourcecode.swift; path = ActionBoardViewController.swift; sourceTree = "<group>"; };
		6F77E27427FFDC180036B6E1 /* ActionCardViewCell.swift */ = {isa = PBXFileReference; lastKnownFileType = sourcecode.swift; path = ActionCardViewCell.swift; sourceTree = "<group>"; };
		6F77E27527FFDC180036B6E1 /* ActionCardViewCell.xib */ = {isa = PBXFileReference; lastKnownFileType = file.xib; path = ActionCardViewCell.xib; sourceTree = "<group>"; };
		6FC4ABD427FE7B0F00231F9E /* TaskBoardView.swift */ = {isa = PBXFileReference; lastKnownFileType = sourcecode.swift; path = TaskBoardView.swift; sourceTree = "<group>"; };
/* End PBXFileReference section */

/* Begin PBXFrameworksBuildPhase section */
		6F41D59C27FAE04A00EA3FA8 /* Frameworks */ = {
			isa = PBXFrameworksBuildPhase;
			buildActionMask = 2147483647;
			files = (
			);
			runOnlyForDeploymentPostprocessing = 0;
		};
/* End PBXFrameworksBuildPhase section */

/* Begin PBXGroup section */
		6F41D59627FAE04A00EA3FA8 = {
			isa = PBXGroup;
			children = (
				6F41D5A127FAE04A00EA3FA8 /* TodoList */,
				6F41D5A027FAE04A00EA3FA8 /* Products */,
			);
			sourceTree = "<group>";
		};
		6F41D5A027FAE04A00EA3FA8 /* Products */ = {
			isa = PBXGroup;
			children = (
				6F41D59F27FAE04A00EA3FA8 /* TodoList.app */,
			);
			name = Products;
			sourceTree = "<group>";
		};
		6F41D5A127FAE04A00EA3FA8 /* TodoList */ = {
			isa = PBXGroup;
			children = (
				6F41D5A227FAE04A00EA3FA8 /* AppDelegate.swift */,
				6F41D5A427FAE04A00EA3FA8 /* SceneDelegate.swift */,
				6F41D5A827FAE04A00EA3FA8 /* Main.storyboard */,
				6F41D5AB27FAE04B00EA3FA8 /* Assets.xcassets */,
				6F41D5AD27FAE04B00EA3FA8 /* LaunchScreen.storyboard */,
				6F41D5B027FAE04B00EA3FA8 /* Info.plist */,
				6F77E26A27FED2FF0036B6E1 /* ViewController */,
				6F77E26B27FED3670036B6E1 /* View */,
				6F77E26D27FED3A10036B6E1 /* Xib */,
				6F77E26C27FED3960036B6E1 /* Util */,
			);
			path = TodoList;
			sourceTree = "<group>";
		};
		6F77E26A27FED2FF0036B6E1 /* ViewController */ = {
			isa = PBXGroup;
			children = (
				6F41D5A627FAE04A00EA3FA8 /* MyTaskViewController.swift */,
				6F41D5C027FC085C00EA3FA8 /* TaskCardListViewController.swift */,
				6C22959A27FD698000381DA2 /* EditCardViewController.swift */,
				6F77E27227FFD6240036B6E1 /* ActionBoardViewController.swift */,
			);
			path = ViewController;
			sourceTree = "<group>";
		};
		6F77E26B27FED3670036B6E1 /* View */ = {
			isa = PBXGroup;
			children = (
				6FC4ABD427FE7B0F00231F9E /* TaskBoardView.swift */,
				6F41D5BA27FBD6F700EA3FA8 /* TaskCardListView.swift */,
				6CF3C10727FC2907003B4803 /* TaskCardViewCell.swift */,
				6C22959627FD64C800381DA2 /* EditCardView.swift */,
				6F77E27427FFDC180036B6E1 /* ActionCardViewCell.swift */,
			);
			path = View;
			sourceTree = "<group>";
		};
		6F77E26C27FED3960036B6E1 /* Util */ = {
			isa = PBXGroup;
			children = (
				6F77E26027FECCED0036B6E1 /* NameSpace.swift */,
			);
			path = Util;
			sourceTree = "<group>";
		};
		6F77E26D27FED3A10036B6E1 /* Xib */ = {
			isa = PBXGroup;
			children = (
				6F77E27027FED8150036B6E1 /* TaskCardListView.xib */,
				6CF3C10827FC2907003B4803 /* TaskCardViewCell.xib */,
				6C22959827FD64DB00381DA2 /* EditCardView.xib */,
				6F77E27527FFDC180036B6E1 /* ActionCardViewCell.xib */,
			);
			path = Xib;
			sourceTree = "<group>";
		};
/* End PBXGroup section */

/* Begin PBXNativeTarget section */
		6F41D59E27FAE04A00EA3FA8 /* TodoList */ = {
			isa = PBXNativeTarget;
			buildConfigurationList = 6F41D5B327FAE04B00EA3FA8 /* Build configuration list for PBXNativeTarget "TodoList" */;
			buildPhases = (
				6F41D59B27FAE04A00EA3FA8 /* Sources */,
				6F41D59C27FAE04A00EA3FA8 /* Frameworks */,
				6F41D59D27FAE04A00EA3FA8 /* Resources */,
			);
			buildRules = (
			);
			dependencies = (
			);
			name = TodoList;
			productName = TodoList;
			productReference = 6F41D59F27FAE04A00EA3FA8 /* TodoList.app */;
			productType = "com.apple.product-type.application";
		};
/* End PBXNativeTarget section */

/* Begin PBXProject section */
		6F41D59727FAE04A00EA3FA8 /* Project object */ = {
			isa = PBXProject;
			attributes = {
				BuildIndependentTargetsInParallel = 1;
				LastSwiftUpdateCheck = 1330;
				LastUpgradeCheck = 1330;
				TargetAttributes = {
					6F41D59E27FAE04A00EA3FA8 = {
						CreatedOnToolsVersion = 13.3;
					};
				};
			};
			buildConfigurationList = 6F41D59A27FAE04A00EA3FA8 /* Build configuration list for PBXProject "TodoList" */;
			compatibilityVersion = "Xcode 13.0";
			developmentRegion = en;
			hasScannedForEncodings = 0;
			knownRegions = (
				en,
				Base,
			);
			mainGroup = 6F41D59627FAE04A00EA3FA8;
			productRefGroup = 6F41D5A027FAE04A00EA3FA8 /* Products */;
			projectDirPath = "";
			projectRoot = "";
			targets = (
				6F41D59E27FAE04A00EA3FA8 /* TodoList */,
			);
		};
/* End PBXProject section */

/* Begin PBXResourcesBuildPhase section */
		6F41D59D27FAE04A00EA3FA8 /* Resources */ = {
			isa = PBXResourcesBuildPhase;
			buildActionMask = 2147483647;
			files = (
				6CF3C10A27FC2907003B4803 /* TaskCardViewCell.xib in Resources */,
				6C22959927FD64DB00381DA2 /* EditCardView.xib in Resources */,
				6F41D5AF27FAE04B00EA3FA8 /* LaunchScreen.storyboard in Resources */,
				6F77E27127FED8150036B6E1 /* TaskCardListView.xib in Resources */,
				6F41D5AC27FAE04B00EA3FA8 /* Assets.xcassets in Resources */,
				6F41D5AA27FAE04A00EA3FA8 /* Main.storyboard in Resources */,
				6F77E27727FFDC180036B6E1 /* ActionCardViewCell.xib in Resources */,
			);
			runOnlyForDeploymentPostprocessing = 0;
		};
/* End PBXResourcesBuildPhase section */

/* Begin PBXSourcesBuildPhase section */
		6F41D59B27FAE04A00EA3FA8 /* Sources */ = {
			isa = PBXSourcesBuildPhase;
			buildActionMask = 2147483647;
			files = (
				6F41D5C127FC085C00EA3FA8 /* TaskCardListViewController.swift in Sources */,
				6F41D5A727FAE04A00EA3FA8 /* MyTaskViewController.swift in Sources */,
				6C22959727FD64C800381DA2 /* EditCardView.swift in Sources */,
				6F77E26127FECCED0036B6E1 /* NameSpace.swift in Sources */,
				6F41D5BB27FBD6F700EA3FA8 /* TaskCardListView.swift in Sources */,
				6F41D5A327FAE04A00EA3FA8 /* AppDelegate.swift in Sources */,
				6F77E27627FFDC180036B6E1 /* ActionCardViewCell.swift in Sources */,
				6FC4ABD527FE7B0F00231F9E /* TaskBoardView.swift in Sources */,
				6F41D5A527FAE04A00EA3FA8 /* SceneDelegate.swift in Sources */,
				6C22959B27FD698000381DA2 /* EditCardViewController.swift in Sources */,
				6CF3C10927FC2907003B4803 /* TaskCardViewCell.swift in Sources */,
				6F77E27327FFD6240036B6E1 /* ActionBoardViewController.swift in Sources */,
			);
			runOnlyForDeploymentPostprocessing = 0;
		};
/* End PBXSourcesBuildPhase section */

/* Begin PBXVariantGroup section */
		6F41D5A827FAE04A00EA3FA8 /* Main.storyboard */ = {
			isa = PBXVariantGroup;
			children = (
				6F41D5A927FAE04A00EA3FA8 /* Base */,
			);
			name = Main.storyboard;
			sourceTree = "<group>";
		};
		6F41D5AD27FAE04B00EA3FA8 /* LaunchScreen.storyboard */ = {
			isa = PBXVariantGroup;
			children = (
				6F41D5AE27FAE04B00EA3FA8 /* Base */,
			);
			name = LaunchScreen.storyboard;
			sourceTree = "<group>";
		};
/* End PBXVariantGroup section */

/* Begin XCBuildConfiguration section */
		6F41D5B127FAE04B00EA3FA8 /* Debug */ = {
			isa = XCBuildConfiguration;
			buildSettings = {
				ALWAYS_SEARCH_USER_PATHS = NO;
				CLANG_ANALYZER_NONNULL = YES;
				CLANG_ANALYZER_NUMBER_OBJECT_CONVERSION = YES_AGGRESSIVE;
				CLANG_CXX_LANGUAGE_STANDARD = "gnu++17";
				CLANG_ENABLE_MODULES = YES;
				CLANG_ENABLE_OBJC_ARC = YES;
				CLANG_ENABLE_OBJC_WEAK = YES;
				CLANG_WARN_BLOCK_CAPTURE_AUTORELEASING = YES;
				CLANG_WARN_BOOL_CONVERSION = YES;
				CLANG_WARN_COMMA = YES;
				CLANG_WARN_CONSTANT_CONVERSION = YES;
				CLANG_WARN_DEPRECATED_OBJC_IMPLEMENTATIONS = YES;
				CLANG_WARN_DIRECT_OBJC_ISA_USAGE = YES_ERROR;
				CLANG_WARN_DOCUMENTATION_COMMENTS = YES;
				CLANG_WARN_EMPTY_BODY = YES;
				CLANG_WARN_ENUM_CONVERSION = YES;
				CLANG_WARN_INFINITE_RECURSION = YES;
				CLANG_WARN_INT_CONVERSION = YES;
				CLANG_WARN_NON_LITERAL_NULL_CONVERSION = YES;
				CLANG_WARN_OBJC_IMPLICIT_RETAIN_SELF = YES;
				CLANG_WARN_OBJC_LITERAL_CONVERSION = YES;
				CLANG_WARN_OBJC_ROOT_CLASS = YES_ERROR;
				CLANG_WARN_QUOTED_INCLUDE_IN_FRAMEWORK_HEADER = YES;
				CLANG_WARN_RANGE_LOOP_ANALYSIS = YES;
				CLANG_WARN_STRICT_PROTOTYPES = YES;
				CLANG_WARN_SUSPICIOUS_MOVE = YES;
				CLANG_WARN_UNGUARDED_AVAILABILITY = YES_AGGRESSIVE;
				CLANG_WARN_UNREACHABLE_CODE = YES;
				CLANG_WARN__DUPLICATE_METHOD_MATCH = YES;
				COPY_PHASE_STRIP = NO;
				DEBUG_INFORMATION_FORMAT = dwarf;
				ENABLE_STRICT_OBJC_MSGSEND = YES;
				ENABLE_TESTABILITY = YES;
				GCC_C_LANGUAGE_STANDARD = gnu11;
				GCC_DYNAMIC_NO_PIC = NO;
				GCC_NO_COMMON_BLOCKS = YES;
				GCC_OPTIMIZATION_LEVEL = 0;
				GCC_PREPROCESSOR_DEFINITIONS = (
					"DEBUG=1",
					"$(inherited)",
				);
				GCC_WARN_64_TO_32_BIT_CONVERSION = YES;
				GCC_WARN_ABOUT_RETURN_TYPE = YES_ERROR;
				GCC_WARN_UNDECLARED_SELECTOR = YES;
				GCC_WARN_UNINITIALIZED_AUTOS = YES_AGGRESSIVE;
				GCC_WARN_UNUSED_FUNCTION = YES;
				GCC_WARN_UNUSED_VARIABLE = YES;
				IPHONEOS_DEPLOYMENT_TARGET = 15.4;
				MTL_ENABLE_DEBUG_INFO = INCLUDE_SOURCE;
				MTL_FAST_MATH = YES;
				ONLY_ACTIVE_ARCH = YES;
				SDKROOT = iphoneos;
				SWIFT_ACTIVE_COMPILATION_CONDITIONS = DEBUG;
				SWIFT_OPTIMIZATION_LEVEL = "-Onone";
			};
			name = Debug;
		};
		6F41D5B227FAE04B00EA3FA8 /* Release */ = {
			isa = XCBuildConfiguration;
			buildSettings = {
				ALWAYS_SEARCH_USER_PATHS = NO;
				CLANG_ANALYZER_NONNULL = YES;
				CLANG_ANALYZER_NUMBER_OBJECT_CONVERSION = YES_AGGRESSIVE;
				CLANG_CXX_LANGUAGE_STANDARD = "gnu++17";
				CLANG_ENABLE_MODULES = YES;
				CLANG_ENABLE_OBJC_ARC = YES;
				CLANG_ENABLE_OBJC_WEAK = YES;
				CLANG_WARN_BLOCK_CAPTURE_AUTORELEASING = YES;
				CLANG_WARN_BOOL_CONVERSION = YES;
				CLANG_WARN_COMMA = YES;
				CLANG_WARN_CONSTANT_CONVERSION = YES;
				CLANG_WARN_DEPRECATED_OBJC_IMPLEMENTATIONS = YES;
				CLANG_WARN_DIRECT_OBJC_ISA_USAGE = YES_ERROR;
				CLANG_WARN_DOCUMENTATION_COMMENTS = YES;
				CLANG_WARN_EMPTY_BODY = YES;
				CLANG_WARN_ENUM_CONVERSION = YES;
				CLANG_WARN_INFINITE_RECURSION = YES;
				CLANG_WARN_INT_CONVERSION = YES;
				CLANG_WARN_NON_LITERAL_NULL_CONVERSION = YES;
				CLANG_WARN_OBJC_IMPLICIT_RETAIN_SELF = YES;
				CLANG_WARN_OBJC_LITERAL_CONVERSION = YES;
				CLANG_WARN_OBJC_ROOT_CLASS = YES_ERROR;
				CLANG_WARN_QUOTED_INCLUDE_IN_FRAMEWORK_HEADER = YES;
				CLANG_WARN_RANGE_LOOP_ANALYSIS = YES;
				CLANG_WARN_STRICT_PROTOTYPES = YES;
				CLANG_WARN_SUSPICIOUS_MOVE = YES;
				CLANG_WARN_UNGUARDED_AVAILABILITY = YES_AGGRESSIVE;
				CLANG_WARN_UNREACHABLE_CODE = YES;
				CLANG_WARN__DUPLICATE_METHOD_MATCH = YES;
				COPY_PHASE_STRIP = NO;
				DEBUG_INFORMATION_FORMAT = "dwarf-with-dsym";
				ENABLE_NS_ASSERTIONS = NO;
				ENABLE_STRICT_OBJC_MSGSEND = YES;
				GCC_C_LANGUAGE_STANDARD = gnu11;
				GCC_NO_COMMON_BLOCKS = YES;
				GCC_WARN_64_TO_32_BIT_CONVERSION = YES;
				GCC_WARN_ABOUT_RETURN_TYPE = YES_ERROR;
				GCC_WARN_UNDECLARED_SELECTOR = YES;
				GCC_WARN_UNINITIALIZED_AUTOS = YES_AGGRESSIVE;
				GCC_WARN_UNUSED_FUNCTION = YES;
				GCC_WARN_UNUSED_VARIABLE = YES;
				IPHONEOS_DEPLOYMENT_TARGET = 15.4;
				MTL_ENABLE_DEBUG_INFO = NO;
				MTL_FAST_MATH = YES;
				SDKROOT = iphoneos;
				SWIFT_COMPILATION_MODE = wholemodule;
				SWIFT_OPTIMIZATION_LEVEL = "-O";
				VALIDATE_PRODUCT = YES;
			};
			name = Release;
		};
		6F41D5B427FAE04B00EA3FA8 /* Debug */ = {
			isa = XCBuildConfiguration;
			buildSettings = {
				ASSETCATALOG_COMPILER_APPICON_NAME = AppIcon;
				ASSETCATALOG_COMPILER_GLOBAL_ACCENT_COLOR_NAME = AccentColor;
				CODE_SIGN_STYLE = Automatic;
				CURRENT_PROJECT_VERSION = 1;
				DEVELOPMENT_TEAM = B3PWYBKFUK;
				GENERATE_INFOPLIST_FILE = YES;
				INFOPLIST_FILE = TodoList/Info.plist;
				INFOPLIST_KEY_CFBundleDisplayName = MyTask;
				INFOPLIST_KEY_UIApplicationSupportsIndirectInputEvents = YES;
				INFOPLIST_KEY_UILaunchStoryboardName = LaunchScreen;
				INFOPLIST_KEY_UIMainStoryboardFile = Main;
				INFOPLIST_KEY_UISupportedInterfaceOrientations_iPad = "UIInterfaceOrientationPortrait UIInterfaceOrientationPortraitUpsideDown UIInterfaceOrientationLandscapeLeft UIInterfaceOrientationLandscapeRight";
				INFOPLIST_KEY_UISupportedInterfaceOrientations_iPhone = "UIInterfaceOrientationPortrait UIInterfaceOrientationLandscapeLeft UIInterfaceOrientationLandscapeRight";
				LD_RUNPATH_SEARCH_PATHS = (
					"$(inherited)",
					"@executable_path/Frameworks",
				);
				MARKETING_VERSION = 1.0;
				PRODUCT_BUNDLE_IDENTIFIER = codesquad.2022.groupProject.TodoList;
				PRODUCT_NAME = "$(TARGET_NAME)";
				SWIFT_EMIT_LOC_STRINGS = YES;
				SWIFT_VERSION = 5.0;
				TARGETED_DEVICE_FAMILY = "1,2";
			};
			name = Debug;
		};
		6F41D5B527FAE04B00EA3FA8 /* Release */ = {
			isa = XCBuildConfiguration;
			buildSettings = {
				ASSETCATALOG_COMPILER_APPICON_NAME = AppIcon;
				ASSETCATALOG_COMPILER_GLOBAL_ACCENT_COLOR_NAME = AccentColor;
				CODE_SIGN_STYLE = Automatic;
				CURRENT_PROJECT_VERSION = 1;
				DEVELOPMENT_TEAM = B3PWYBKFUK;
				GENERATE_INFOPLIST_FILE = YES;
				INFOPLIST_FILE = TodoList/Info.plist;
				INFOPLIST_KEY_CFBundleDisplayName = MyTask;
				INFOPLIST_KEY_UIApplicationSupportsIndirectInputEvents = YES;
				INFOPLIST_KEY_UILaunchStoryboardName = LaunchScreen;
				INFOPLIST_KEY_UIMainStoryboardFile = Main;
				INFOPLIST_KEY_UISupportedInterfaceOrientations_iPad = "UIInterfaceOrientationPortrait UIInterfaceOrientationPortraitUpsideDown UIInterfaceOrientationLandscapeLeft UIInterfaceOrientationLandscapeRight";
				INFOPLIST_KEY_UISupportedInterfaceOrientations_iPhone = "UIInterfaceOrientationPortrait UIInterfaceOrientationLandscapeLeft UIInterfaceOrientationLandscapeRight";
				LD_RUNPATH_SEARCH_PATHS = (
					"$(inherited)",
					"@executable_path/Frameworks",
				);
				MARKETING_VERSION = 1.0;
				PRODUCT_BUNDLE_IDENTIFIER = codesquad.2022.groupProject.TodoList;
				PRODUCT_NAME = "$(TARGET_NAME)";
				SWIFT_EMIT_LOC_STRINGS = YES;
				SWIFT_VERSION = 5.0;
				TARGETED_DEVICE_FAMILY = "1,2";
			};
			name = Release;
		};
/* End XCBuildConfiguration section */

/* Begin XCConfigurationList section */
		6F41D59A27FAE04A00EA3FA8 /* Build configuration list for PBXProject "TodoList" */ = {
			isa = XCConfigurationList;
			buildConfigurations = (
				6F41D5B127FAE04B00EA3FA8 /* Debug */,
				6F41D5B227FAE04B00EA3FA8 /* Release */,
			);
			defaultConfigurationIsVisible = 0;
			defaultConfigurationName = Release;
		};
		6F41D5B327FAE04B00EA3FA8 /* Build configuration list for PBXNativeTarget "TodoList" */ = {
			isa = XCConfigurationList;
			buildConfigurations = (
				6F41D5B427FAE04B00EA3FA8 /* Debug */,
				6F41D5B527FAE04B00EA3FA8 /* Release */,
			);
			defaultConfigurationIsVisible = 0;
			defaultConfigurationName = Release;
		};
/* End XCConfigurationList section */
	};
	rootObject = 6F41D59727FAE04A00EA3FA8 /* Project object */;
}
