// !$*UTF8*$!
{
	archiveVersion = 1;
	classes = {
	};
	objectVersion = 55;
	objects = {

/* Begin PBXBuildFile section */
		5B349DA527FA9AFE00AA602E /* AppDelegate.swift in Sources */ = {isa = PBXBuildFile; fileRef = 5B349DA427FA9AFE00AA602E /* AppDelegate.swift */; };
		5B349DA727FA9AFE00AA602E /* SceneDelegate.swift in Sources */ = {isa = PBXBuildFile; fileRef = 5B349DA627FA9AFE00AA602E /* SceneDelegate.swift */; };
		5B349DA927FA9AFE00AA602E /* SplitViewController.swift in Sources */ = {isa = PBXBuildFile; fileRef = 5B349DA827FA9AFE00AA602E /* SplitViewController.swift */; };
		5B349DAC27FA9AFE00AA602E /* Main.storyboard in Resources */ = {isa = PBXBuildFile; fileRef = 5B349DAA27FA9AFE00AA602E /* Main.storyboard */; };
		5B349DAE27FA9AFF00AA602E /* Assets.xcassets in Resources */ = {isa = PBXBuildFile; fileRef = 5B349DAD27FA9AFF00AA602E /* Assets.xcassets */; };
		5B349DB127FA9AFF00AA602E /* LaunchScreen.storyboard in Resources */ = {isa = PBXBuildFile; fileRef = 5B349DAF27FA9AFF00AA602E /* LaunchScreen.storyboard */; };
		5B349DBC27FA9AFF00AA602E /* todo_listTests.swift in Sources */ = {isa = PBXBuildFile; fileRef = 5B349DBB27FA9AFF00AA602E /* todo_listTests.swift */; };
		5B349DC627FA9AFF00AA602E /* todo_listUITests.swift in Sources */ = {isa = PBXBuildFile; fileRef = 5B349DC527FA9AFF00AA602E /* todo_listUITests.swift */; };
		5B349DC827FA9AFF00AA602E /* todo_listUITestsLaunchTests.swift in Sources */ = {isa = PBXBuildFile; fileRef = 5B349DC727FA9AFF00AA602E /* todo_listUITestsLaunchTests.swift */; };
		5B349DE227FD7FF600AA602E /* ActivityRecoderController.swift in Sources */ = {isa = PBXBuildFile; fileRef = 5B349DE127FD7FF600AA602E /* ActivityRecoderController.swift */; };
		BC3D4A1727FD6F1C009B37FB /* Task.swift in Sources */ = {isa = PBXBuildFile; fileRef = BC3D4A1627FD6F1C009B37FB /* Task.swift */; };
		BC3D4A2027FEA253009B37FB /* NetworkManager.swift in Sources */ = {isa = PBXBuildFile; fileRef = BC3D4A1F27FEA253009B37FB /* NetworkManager.swift */; };
		BC5880DE27FC297C002E3A1D /* NotoSansKR-Thin.otf in Resources */ = {isa = PBXBuildFile; fileRef = BC5880D827FC297C002E3A1D /* NotoSansKR-Thin.otf */; };
		BC5880DF27FC297C002E3A1D /* NotoSansKR-Thin.otf in Resources */ = {isa = PBXBuildFile; fileRef = BC5880D827FC297C002E3A1D /* NotoSansKR-Thin.otf */; };
		BC5880E027FC297C002E3A1D /* NotoSansKR-Medium.otf in Resources */ = {isa = PBXBuildFile; fileRef = BC5880D927FC297C002E3A1D /* NotoSansKR-Medium.otf */; };
		BC5880E127FC297C002E3A1D /* NotoSansKR-Medium.otf in Resources */ = {isa = PBXBuildFile; fileRef = BC5880D927FC297C002E3A1D /* NotoSansKR-Medium.otf */; };
		BC5880E227FC297C002E3A1D /* NotoSansKR-Bold.otf in Resources */ = {isa = PBXBuildFile; fileRef = BC5880DA27FC297C002E3A1D /* NotoSansKR-Bold.otf */; };
		BC5880E327FC297C002E3A1D /* NotoSansKR-Bold.otf in Resources */ = {isa = PBXBuildFile; fileRef = BC5880DA27FC297C002E3A1D /* NotoSansKR-Bold.otf */; };
		BC5880E427FC297C002E3A1D /* NotoSansKR-Black.otf in Resources */ = {isa = PBXBuildFile; fileRef = BC5880DB27FC297C002E3A1D /* NotoSansKR-Black.otf */; };
		BC5880E527FC297C002E3A1D /* NotoSansKR-Black.otf in Resources */ = {isa = PBXBuildFile; fileRef = BC5880DB27FC297C002E3A1D /* NotoSansKR-Black.otf */; };
		BC5880E627FC297C002E3A1D /* NotoSansKR-Light.otf in Resources */ = {isa = PBXBuildFile; fileRef = BC5880DC27FC297C002E3A1D /* NotoSansKR-Light.otf */; };
		BC5880E727FC297C002E3A1D /* NotoSansKR-Light.otf in Resources */ = {isa = PBXBuildFile; fileRef = BC5880DC27FC297C002E3A1D /* NotoSansKR-Light.otf */; };
		BC5880E827FC297C002E3A1D /* NotoSansKR-Regular.otf in Resources */ = {isa = PBXBuildFile; fileRef = BC5880DD27FC297C002E3A1D /* NotoSansKR-Regular.otf */; };
		BC5880E927FC297C002E3A1D /* NotoSansKR-Regular.otf in Resources */ = {isa = PBXBuildFile; fileRef = BC5880DD27FC297C002E3A1D /* NotoSansKR-Regular.otf */; };
		BCC6641027FC10F10078C1E2 /* KanbanViewController.swift in Sources */ = {isa = PBXBuildFile; fileRef = BCC6640F27FC10F10078C1E2 /* KanbanViewController.swift */; };
		BCC6641227FC14370078C1E2 /* TaskTableViewCell.swift in Sources */ = {isa = PBXBuildFile; fileRef = BCC6641127FC14370078C1E2 /* TaskTableViewCell.swift */; };
/* End PBXBuildFile section */

/* Begin PBXContainerItemProxy section */
		5B349DB827FA9AFF00AA602E /* PBXContainerItemProxy */ = {
			isa = PBXContainerItemProxy;
			containerPortal = 5B349D9927FA9AFE00AA602E /* Project object */;
			proxyType = 1;
			remoteGlobalIDString = 5B349DA027FA9AFE00AA602E;
			remoteInfo = "todo-list";
		};
		5B349DC227FA9AFF00AA602E /* PBXContainerItemProxy */ = {
			isa = PBXContainerItemProxy;
			containerPortal = 5B349D9927FA9AFE00AA602E /* Project object */;
			proxyType = 1;
			remoteGlobalIDString = 5B349DA027FA9AFE00AA602E;
			remoteInfo = "todo-list";
		};
/* End PBXContainerItemProxy section */

/* Begin PBXFileReference section */
		5B349DA127FA9AFE00AA602E /* todo-list.app */ = {isa = PBXFileReference; explicitFileType = wrapper.application; includeInIndex = 0; path = "todo-list.app"; sourceTree = BUILT_PRODUCTS_DIR; };
		5B349DA427FA9AFE00AA602E /* AppDelegate.swift */ = {isa = PBXFileReference; lastKnownFileType = sourcecode.swift; path = AppDelegate.swift; sourceTree = "<group>"; };
		5B349DA627FA9AFE00AA602E /* SceneDelegate.swift */ = {isa = PBXFileReference; lastKnownFileType = sourcecode.swift; path = SceneDelegate.swift; sourceTree = "<group>"; };
		5B349DA827FA9AFE00AA602E /* SplitViewController.swift */ = {isa = PBXFileReference; lastKnownFileType = sourcecode.swift; path = SplitViewController.swift; sourceTree = "<group>"; };
		5B349DAB27FA9AFE00AA602E /* Base */ = {isa = PBXFileReference; lastKnownFileType = file.storyboard; name = Base; path = Base.lproj/Main.storyboard; sourceTree = "<group>"; };
		5B349DAD27FA9AFF00AA602E /* Assets.xcassets */ = {isa = PBXFileReference; lastKnownFileType = folder.assetcatalog; path = Assets.xcassets; sourceTree = "<group>"; };
		5B349DB027FA9AFF00AA602E /* Base */ = {isa = PBXFileReference; lastKnownFileType = file.storyboard; name = Base; path = Base.lproj/LaunchScreen.storyboard; sourceTree = "<group>"; };
		5B349DB227FA9AFF00AA602E /* Info.plist */ = {isa = PBXFileReference; lastKnownFileType = text.plist.xml; path = Info.plist; sourceTree = "<group>"; };
		5B349DB727FA9AFF00AA602E /* todo-listTests.xctest */ = {isa = PBXFileReference; explicitFileType = wrapper.cfbundle; includeInIndex = 0; path = "todo-listTests.xctest"; sourceTree = BUILT_PRODUCTS_DIR; };
		5B349DBB27FA9AFF00AA602E /* todo_listTests.swift */ = {isa = PBXFileReference; lastKnownFileType = sourcecode.swift; path = todo_listTests.swift; sourceTree = "<group>"; };
		5B349DC127FA9AFF00AA602E /* todo-listUITests.xctest */ = {isa = PBXFileReference; explicitFileType = wrapper.cfbundle; includeInIndex = 0; path = "todo-listUITests.xctest"; sourceTree = BUILT_PRODUCTS_DIR; };
		5B349DC527FA9AFF00AA602E /* todo_listUITests.swift */ = {isa = PBXFileReference; lastKnownFileType = sourcecode.swift; path = todo_listUITests.swift; sourceTree = "<group>"; };
		5B349DC727FA9AFF00AA602E /* todo_listUITestsLaunchTests.swift */ = {isa = PBXFileReference; lastKnownFileType = sourcecode.swift; path = todo_listUITestsLaunchTests.swift; sourceTree = "<group>"; };
		5B349DE127FD7FF600AA602E /* ActivityRecoderController.swift */ = {isa = PBXFileReference; fileEncoding = 4; lastKnownFileType = sourcecode.swift; name = ActivityRecoderController.swift; path = "todo-list/ViewController/ActivityRecoderController.swift"; sourceTree = SOURCE_ROOT; };
		BC3D4A1627FD6F1C009B37FB /* Task.swift */ = {isa = PBXFileReference; lastKnownFileType = sourcecode.swift; path = Task.swift; sourceTree = "<group>"; };
		BC3D4A1F27FEA253009B37FB /* NetworkManager.swift */ = {isa = PBXFileReference; lastKnownFileType = sourcecode.swift; path = NetworkManager.swift; sourceTree = "<group>"; };
		BC5880D827FC297C002E3A1D /* NotoSansKR-Thin.otf */ = {isa = PBXFileReference; lastKnownFileType = file; path = "NotoSansKR-Thin.otf"; sourceTree = "<group>"; };
		BC5880D927FC297C002E3A1D /* NotoSansKR-Medium.otf */ = {isa = PBXFileReference; lastKnownFileType = file; path = "NotoSansKR-Medium.otf"; sourceTree = "<group>"; };
		BC5880DA27FC297C002E3A1D /* NotoSansKR-Bold.otf */ = {isa = PBXFileReference; lastKnownFileType = file; path = "NotoSansKR-Bold.otf"; sourceTree = "<group>"; };
		BC5880DB27FC297C002E3A1D /* NotoSansKR-Black.otf */ = {isa = PBXFileReference; lastKnownFileType = file; path = "NotoSansKR-Black.otf"; sourceTree = "<group>"; };
		BC5880DC27FC297C002E3A1D /* NotoSansKR-Light.otf */ = {isa = PBXFileReference; lastKnownFileType = file; path = "NotoSansKR-Light.otf"; sourceTree = "<group>"; };
		BC5880DD27FC297C002E3A1D /* NotoSansKR-Regular.otf */ = {isa = PBXFileReference; lastKnownFileType = file; path = "NotoSansKR-Regular.otf"; sourceTree = "<group>"; };
		BCC6640F27FC10F10078C1E2 /* KanbanViewController.swift */ = {isa = PBXFileReference; lastKnownFileType = sourcecode.swift; path = KanbanViewController.swift; sourceTree = "<group>"; };
		BCC6641127FC14370078C1E2 /* TaskTableViewCell.swift */ = {isa = PBXFileReference; lastKnownFileType = sourcecode.swift; name = TaskTableViewCell.swift; path = "todo-list/View/TaskTableViewCell.swift"; sourceTree = SOURCE_ROOT; };
/* End PBXFileReference section */

/* Begin PBXFrameworksBuildPhase section */
		5B349D9E27FA9AFE00AA602E /* Frameworks */ = {
			isa = PBXFrameworksBuildPhase;
			buildActionMask = 2147483647;
			files = (
			);
			runOnlyForDeploymentPostprocessing = 0;
		};
		5B349DB427FA9AFF00AA602E /* Frameworks */ = {
			isa = PBXFrameworksBuildPhase;
			buildActionMask = 2147483647;
			files = (
			);
			runOnlyForDeploymentPostprocessing = 0;
		};
		5B349DBE27FA9AFF00AA602E /* Frameworks */ = {
			isa = PBXFrameworksBuildPhase;
			buildActionMask = 2147483647;
			files = (
			);
			runOnlyForDeploymentPostprocessing = 0;
		};
/* End PBXFrameworksBuildPhase section */

/* Begin PBXGroup section */
		5B349D9827FA9AFE00AA602E = {
			isa = PBXGroup;
			children = (
				5B349DA327FA9AFE00AA602E /* todo-list */,
				5B349DBA27FA9AFF00AA602E /* todo-listTests */,
				5B349DC427FA9AFF00AA602E /* todo-listUITests */,
				5B349DA227FA9AFE00AA602E /* Products */,
			);
			sourceTree = "<group>";
		};
		5B349DA227FA9AFE00AA602E /* Products */ = {
			isa = PBXGroup;
			children = (
				5B349DA127FA9AFE00AA602E /* todo-list.app */,
				5B349DB727FA9AFF00AA602E /* todo-listTests.xctest */,
				5B349DC127FA9AFF00AA602E /* todo-listUITests.xctest */,
			);
			name = Products;
			sourceTree = "<group>";
		};
		5B349DA327FA9AFE00AA602E /* todo-list */ = {
			isa = PBXGroup;
			children = (
				BC3D4A1527FD6F11009B37FB /* Model */,
				BC3D4A1327FD6F02009B37FB /* View */,
				5B349DD827FA9DBD00AA602E /* View */,
				5B349DD727FA9DAA00AA602E /* ViewController */,
				5B349DD627FA9D9F00AA602E /* Model */,
				5B349DD527FA9D9400AA602E /* configuration */,
				5B349DD427FA9D5F00AA602E /* Resource */,
				5B349DA427FA9AFE00AA602E /* AppDelegate.swift */,
				5B349DA627FA9AFE00AA602E /* SceneDelegate.swift */,
			);
			path = "todo-list";
			sourceTree = "<group>";
		};
		5B349DBA27FA9AFF00AA602E /* todo-listTests */ = {
			isa = PBXGroup;
			children = (
				5B349DBB27FA9AFF00AA602E /* todo_listTests.swift */,
			);
			path = "todo-listTests";
			sourceTree = "<group>";
		};
		5B349DC427FA9AFF00AA602E /* todo-listUITests */ = {
			isa = PBXGroup;
			children = (
				5B349DC527FA9AFF00AA602E /* todo_listUITests.swift */,
				5B349DC727FA9AFF00AA602E /* todo_listUITestsLaunchTests.swift */,
			);
			path = "todo-listUITests";
			sourceTree = "<group>";
		};
		5B349DD427FA9D5F00AA602E /* Resource */ = {
			isa = PBXGroup;
			children = (
				BC5880EA27FC2980002E3A1D /* NotoSansKR */,
				5B349DAA27FA9AFE00AA602E /* Main.storyboard */,
				5B349DAD27FA9AFF00AA602E /* Assets.xcassets */,
				5B349DAF27FA9AFF00AA602E /* LaunchScreen.storyboard */,
			);
			path = Resource;
			sourceTree = "<group>";
		};
		5B349DD527FA9D9400AA602E /* configuration */ = {
			isa = PBXGroup;
			children = (
				5B349DB227FA9AFF00AA602E /* Info.plist */,
			);
			path = configuration;
			sourceTree = "<group>";
		};
		5B349DD627FA9D9F00AA602E /* Model */ = {
			isa = PBXGroup;
			children = (
			);
			path = Model;
			sourceTree = "<group>";
		};
		5B349DD727FA9DAA00AA602E /* ViewController */ = {
			isa = PBXGroup;
			children = (
				BCC6640F27FC10F10078C1E2 /* KanbanViewController.swift */,
				5B349DA827FA9AFE00AA602E /* SplitViewController.swift */,
				5B349DE127FD7FF600AA602E /* ActivityRecoderController.swift */,
			);
			path = ViewController;
			sourceTree = "<group>";
		};
		5B349DD827FA9DBD00AA602E /* View */ = {
			isa = PBXGroup;
			children = (
			);
			path = View;
			sourceTree = "<group>";
		};
		BC3D4A1327FD6F02009B37FB /* View */ = {
			isa = PBXGroup;
			children = (
				BCC6641127FC14370078C1E2 /* TaskTableViewCell.swift */,
			);
			path = View;
			sourceTree = "<group>";
		};
		BC3D4A1527FD6F11009B37FB /* Model */ = {
			isa = PBXGroup;
			children = (
				BC3D4A1627FD6F1C009B37FB /* Task.swift */,
				BC3D4A1F27FEA253009B37FB /* NetworkManager.swift */,
			);
			path = Model;
			sourceTree = "<group>";
		};
		BC5880EA27FC2980002E3A1D /* NotoSansKR */ = {
			isa = PBXGroup;
			children = (
				BC5880DB27FC297C002E3A1D /* NotoSansKR-Black.otf */,
				BC5880DA27FC297C002E3A1D /* NotoSansKR-Bold.otf */,
				BC5880DC27FC297C002E3A1D /* NotoSansKR-Light.otf */,
				BC5880D927FC297C002E3A1D /* NotoSansKR-Medium.otf */,
				BC5880DD27FC297C002E3A1D /* NotoSansKR-Regular.otf */,
				BC5880D827FC297C002E3A1D /* NotoSansKR-Thin.otf */,
			);
			path = NotoSansKR;
			sourceTree = "<group>";
		};
/* End PBXGroup section */

/* Begin PBXNativeTarget section */
		5B349DA027FA9AFE00AA602E /* todo-list */ = {
			isa = PBXNativeTarget;
			buildConfigurationList = 5B349DCB27FA9AFF00AA602E /* Build configuration list for PBXNativeTarget "todo-list" */;
			buildPhases = (
				5B349D9D27FA9AFE00AA602E /* Sources */,
				5B349D9E27FA9AFE00AA602E /* Frameworks */,
				5B349D9F27FA9AFE00AA602E /* Resources */,
			);
			buildRules = (
			);
			dependencies = (
			);
			name = "todo-list";
			productName = "todo-list";
			productReference = 5B349DA127FA9AFE00AA602E /* todo-list.app */;
			productType = "com.apple.product-type.application";
		};
		5B349DB627FA9AFF00AA602E /* todo-listTests */ = {
			isa = PBXNativeTarget;
			buildConfigurationList = 5B349DCE27FA9AFF00AA602E /* Build configuration list for PBXNativeTarget "todo-listTests" */;
			buildPhases = (
				5B349DB327FA9AFF00AA602E /* Sources */,
				5B349DB427FA9AFF00AA602E /* Frameworks */,
				5B349DB527FA9AFF00AA602E /* Resources */,
			);
			buildRules = (
			);
			dependencies = (
				5B349DB927FA9AFF00AA602E /* PBXTargetDependency */,
			);
			name = "todo-listTests";
			productName = "todo-listTests";
			productReference = 5B349DB727FA9AFF00AA602E /* todo-listTests.xctest */;
			productType = "com.apple.product-type.bundle.unit-test";
		};
		5B349DC027FA9AFF00AA602E /* todo-listUITests */ = {
			isa = PBXNativeTarget;
			buildConfigurationList = 5B349DD127FA9AFF00AA602E /* Build configuration list for PBXNativeTarget "todo-listUITests" */;
			buildPhases = (
				5B349DBD27FA9AFF00AA602E /* Sources */,
				5B349DBE27FA9AFF00AA602E /* Frameworks */,
				5B349DBF27FA9AFF00AA602E /* Resources */,
			);
			buildRules = (
			);
			dependencies = (
				5B349DC327FA9AFF00AA602E /* PBXTargetDependency */,
			);
			name = "todo-listUITests";
			productName = "todo-listUITests";
			productReference = 5B349DC127FA9AFF00AA602E /* todo-listUITests.xctest */;
			productType = "com.apple.product-type.bundle.ui-testing";
		};
/* End PBXNativeTarget section */

/* Begin PBXProject section */
		5B349D9927FA9AFE00AA602E /* Project object */ = {
			isa = PBXProject;
			attributes = {
				BuildIndependentTargetsInParallel = 1;
				LastSwiftUpdateCheck = 1320;
				LastUpgradeCheck = 1320;
				TargetAttributes = {
					5B349DA027FA9AFE00AA602E = {
						CreatedOnToolsVersion = 13.2.1;
					};
					5B349DB627FA9AFF00AA602E = {
						CreatedOnToolsVersion = 13.2.1;
						TestTargetID = 5B349DA027FA9AFE00AA602E;
					};
					5B349DC027FA9AFF00AA602E = {
						CreatedOnToolsVersion = 13.2.1;
						TestTargetID = 5B349DA027FA9AFE00AA602E;
					};
				};
			};
			buildConfigurationList = 5B349D9C27FA9AFE00AA602E /* Build configuration list for PBXProject "todo-list" */;
			compatibilityVersion = "Xcode 13.0";
			developmentRegion = en;
			hasScannedForEncodings = 0;
			knownRegions = (
				en,
				Base,
			);
			mainGroup = 5B349D9827FA9AFE00AA602E;
			productRefGroup = 5B349DA227FA9AFE00AA602E /* Products */;
			projectDirPath = "";
			projectRoot = "";
			targets = (
				5B349DA027FA9AFE00AA602E /* todo-list */,
				5B349DB627FA9AFF00AA602E /* todo-listTests */,
				5B349DC027FA9AFF00AA602E /* todo-listUITests */,
			);
		};
/* End PBXProject section */

/* Begin PBXResourcesBuildPhase section */
		5B349D9F27FA9AFE00AA602E /* Resources */ = {
			isa = PBXResourcesBuildPhase;
			buildActionMask = 2147483647;
			files = (
				BC5880DE27FC297C002E3A1D /* NotoSansKR-Thin.otf in Resources */,
				BC5880E827FC297C002E3A1D /* NotoSansKR-Regular.otf in Resources */,
				5B349DB127FA9AFF00AA602E /* LaunchScreen.storyboard in Resources */,
				BC5880E627FC297C002E3A1D /* NotoSansKR-Light.otf in Resources */,
				BC5880E027FC297C002E3A1D /* NotoSansKR-Medium.otf in Resources */,
				5B349DAE27FA9AFF00AA602E /* Assets.xcassets in Resources */,
				BC5880E227FC297C002E3A1D /* NotoSansKR-Bold.otf in Resources */,
				BC5880E427FC297C002E3A1D /* NotoSansKR-Black.otf in Resources */,
				5B349DAC27FA9AFE00AA602E /* Main.storyboard in Resources */,
			);
			runOnlyForDeploymentPostprocessing = 0;
		};
		5B349DB527FA9AFF00AA602E /* Resources */ = {
			isa = PBXResourcesBuildPhase;
			buildActionMask = 2147483647;
			files = (
				BC5880E127FC297C002E3A1D /* NotoSansKR-Medium.otf in Resources */,
				BC5880E727FC297C002E3A1D /* NotoSansKR-Light.otf in Resources */,
				BC5880E327FC297C002E3A1D /* NotoSansKR-Bold.otf in Resources */,
				BC5880DF27FC297C002E3A1D /* NotoSansKR-Thin.otf in Resources */,
				BC5880E927FC297C002E3A1D /* NotoSansKR-Regular.otf in Resources */,
				BC5880E527FC297C002E3A1D /* NotoSansKR-Black.otf in Resources */,
			);
			runOnlyForDeploymentPostprocessing = 0;
		};
		5B349DBF27FA9AFF00AA602E /* Resources */ = {
			isa = PBXResourcesBuildPhase;
			buildActionMask = 2147483647;
			files = (
			);
			runOnlyForDeploymentPostprocessing = 0;
		};
/* End PBXResourcesBuildPhase section */

/* Begin PBXSourcesBuildPhase section */
		5B349D9D27FA9AFE00AA602E /* Sources */ = {
			isa = PBXSourcesBuildPhase;
			buildActionMask = 2147483647;
			files = (
				5B349DA927FA9AFE00AA602E /* SplitViewController.swift in Sources */,
				5B349DA527FA9AFE00AA602E /* AppDelegate.swift in Sources */,
				BCC6641227FC14370078C1E2 /* TaskTableViewCell.swift in Sources */,
				5B349DE227FD7FF600AA602E /* ActivityRecoderController.swift in Sources */,
				BC3D4A2027FEA253009B37FB /* NetworkManager.swift in Sources */,
				5B349DA727FA9AFE00AA602E /* SceneDelegate.swift in Sources */,
				BC3D4A1727FD6F1C009B37FB /* Task.swift in Sources */,
				BCC6641027FC10F10078C1E2 /* KanbanViewController.swift in Sources */,
			);
			runOnlyForDeploymentPostprocessing = 0;
		};
		5B349DB327FA9AFF00AA602E /* Sources */ = {
			isa = PBXSourcesBuildPhase;
			buildActionMask = 2147483647;
			files = (
				5B349DBC27FA9AFF00AA602E /* todo_listTests.swift in Sources */,
			);
			runOnlyForDeploymentPostprocessing = 0;
		};
		5B349DBD27FA9AFF00AA602E /* Sources */ = {
			isa = PBXSourcesBuildPhase;
			buildActionMask = 2147483647;
			files = (
				5B349DC827FA9AFF00AA602E /* todo_listUITestsLaunchTests.swift in Sources */,
				5B349DC627FA9AFF00AA602E /* todo_listUITests.swift in Sources */,
			);
			runOnlyForDeploymentPostprocessing = 0;
		};
/* End PBXSourcesBuildPhase section */

/* Begin PBXTargetDependency section */
		5B349DB927FA9AFF00AA602E /* PBXTargetDependency */ = {
			isa = PBXTargetDependency;
			target = 5B349DA027FA9AFE00AA602E /* todo-list */;
			targetProxy = 5B349DB827FA9AFF00AA602E /* PBXContainerItemProxy */;
		};
		5B349DC327FA9AFF00AA602E /* PBXTargetDependency */ = {
			isa = PBXTargetDependency;
			target = 5B349DA027FA9AFE00AA602E /* todo-list */;
			targetProxy = 5B349DC227FA9AFF00AA602E /* PBXContainerItemProxy */;
		};
/* End PBXTargetDependency section */

/* Begin PBXVariantGroup section */
		5B349DAA27FA9AFE00AA602E /* Main.storyboard */ = {
			isa = PBXVariantGroup;
			children = (
				5B349DAB27FA9AFE00AA602E /* Base */,
			);
			name = Main.storyboard;
			sourceTree = "<group>";
		};
		5B349DAF27FA9AFF00AA602E /* LaunchScreen.storyboard */ = {
			isa = PBXVariantGroup;
			children = (
				5B349DB027FA9AFF00AA602E /* Base */,
			);
			name = LaunchScreen.storyboard;
			sourceTree = "<group>";
		};
/* End PBXVariantGroup section */

/* Begin XCBuildConfiguration section */
		5B349DC927FA9AFF00AA602E /* Debug */ = {
			isa = XCBuildConfiguration;
			buildSettings = {
				ALWAYS_SEARCH_USER_PATHS = NO;
				CLANG_ANALYZER_NONNULL = YES;
				CLANG_ANALYZER_NUMBER_OBJECT_CONVERSION = YES_AGGRESSIVE;
				CLANG_CXX_LANGUAGE_STANDARD = "gnu++17";
				CLANG_CXX_LIBRARY = "libc++";
				CLANG_ENABLE_MODULES = YES;
				CLANG_ENABLE_OBJC_ARC = YES;
				CLANG_ENABLE_OBJC_WEAK = YES;
				CLANG_WARN_BLOCK_CAPTURE_AUTORELEASING = YES;
				CLANG_WARN_BOOL_CONVERSION = YES;
				CLANG_WARN_COMMA = YES;
				CLANG_WARN_CONSTANT_CONVERSION = YES;
				CLANG_WARN_DEPRECATED_OBJC_IMPLEMENTATIONS = YES;
				CLANG_WARN_DIRECT_OBJC_ISA_USAGE = YES_ERROR;
				CLANG_WARN_DOCUMENTATION_COMMENTS = YES;
				CLANG_WARN_EMPTY_BODY = YES;
				CLANG_WARN_ENUM_CONVERSION = YES;
				CLANG_WARN_INFINITE_RECURSION = YES;
				CLANG_WARN_INT_CONVERSION = YES;
				CLANG_WARN_NON_LITERAL_NULL_CONVERSION = YES;
				CLANG_WARN_OBJC_IMPLICIT_RETAIN_SELF = YES;
				CLANG_WARN_OBJC_LITERAL_CONVERSION = YES;
				CLANG_WARN_OBJC_ROOT_CLASS = YES_ERROR;
				CLANG_WARN_QUOTED_INCLUDE_IN_FRAMEWORK_HEADER = YES;
				CLANG_WARN_RANGE_LOOP_ANALYSIS = YES;
				CLANG_WARN_STRICT_PROTOTYPES = YES;
				CLANG_WARN_SUSPICIOUS_MOVE = YES;
				CLANG_WARN_UNGUARDED_AVAILABILITY = YES_AGGRESSIVE;
				CLANG_WARN_UNREACHABLE_CODE = YES;
				CLANG_WARN__DUPLICATE_METHOD_MATCH = YES;
				COPY_PHASE_STRIP = NO;
				DEBUG_INFORMATION_FORMAT = dwarf;
				ENABLE_STRICT_OBJC_MSGSEND = YES;
				ENABLE_TESTABILITY = YES;
				GCC_C_LANGUAGE_STANDARD = gnu11;
				GCC_DYNAMIC_NO_PIC = NO;
				GCC_NO_COMMON_BLOCKS = YES;
				GCC_OPTIMIZATION_LEVEL = 0;
				GCC_PREPROCESSOR_DEFINITIONS = (
					"DEBUG=1",
					"$(inherited)",
				);
				GCC_WARN_64_TO_32_BIT_CONVERSION = YES;
				GCC_WARN_ABOUT_RETURN_TYPE = YES_ERROR;
				GCC_WARN_UNDECLARED_SELECTOR = YES;
				GCC_WARN_UNINITIALIZED_AUTOS = YES_AGGRESSIVE;
				GCC_WARN_UNUSED_FUNCTION = YES;
				GCC_WARN_UNUSED_VARIABLE = YES;
				IPHONEOS_DEPLOYMENT_TARGET = 15.2;
				MTL_ENABLE_DEBUG_INFO = INCLUDE_SOURCE;
				MTL_FAST_MATH = YES;
				ONLY_ACTIVE_ARCH = YES;
				SDKROOT = iphoneos;
				SWIFT_ACTIVE_COMPILATION_CONDITIONS = DEBUG;
				SWIFT_OPTIMIZATION_LEVEL = "-Onone";
			};
			name = Debug;
		};
		5B349DCA27FA9AFF00AA602E /* Release */ = {
			isa = XCBuildConfiguration;
			buildSettings = {
				ALWAYS_SEARCH_USER_PATHS = NO;
				CLANG_ANALYZER_NONNULL = YES;
				CLANG_ANALYZER_NUMBER_OBJECT_CONVERSION = YES_AGGRESSIVE;
				CLANG_CXX_LANGUAGE_STANDARD = "gnu++17";
				CLANG_CXX_LIBRARY = "libc++";
				CLANG_ENABLE_MODULES = YES;
				CLANG_ENABLE_OBJC_ARC = YES;
				CLANG_ENABLE_OBJC_WEAK = YES;
				CLANG_WARN_BLOCK_CAPTURE_AUTORELEASING = YES;
				CLANG_WARN_BOOL_CONVERSION = YES;
				CLANG_WARN_COMMA = YES;
				CLANG_WARN_CONSTANT_CONVERSION = YES;
				CLANG_WARN_DEPRECATED_OBJC_IMPLEMENTATIONS = YES;
				CLANG_WARN_DIRECT_OBJC_ISA_USAGE = YES_ERROR;
				CLANG_WARN_DOCUMENTATION_COMMENTS = YES;
				CLANG_WARN_EMPTY_BODY = YES;
				CLANG_WARN_ENUM_CONVERSION = YES;
				CLANG_WARN_INFINITE_RECURSION = YES;
				CLANG_WARN_INT_CONVERSION = YES;
				CLANG_WARN_NON_LITERAL_NULL_CONVERSION = YES;
				CLANG_WARN_OBJC_IMPLICIT_RETAIN_SELF = YES;
				CLANG_WARN_OBJC_LITERAL_CONVERSION = YES;
				CLANG_WARN_OBJC_ROOT_CLASS = YES_ERROR;
				CLANG_WARN_QUOTED_INCLUDE_IN_FRAMEWORK_HEADER = YES;
				CLANG_WARN_RANGE_LOOP_ANALYSIS = YES;
				CLANG_WARN_STRICT_PROTOTYPES = YES;
				CLANG_WARN_SUSPICIOUS_MOVE = YES;
				CLANG_WARN_UNGUARDED_AVAILABILITY = YES_AGGRESSIVE;
				CLANG_WARN_UNREACHABLE_CODE = YES;
				CLANG_WARN__DUPLICATE_METHOD_MATCH = YES;
				COPY_PHASE_STRIP = NO;
				DEBUG_INFORMATION_FORMAT = "dwarf-with-dsym";
				ENABLE_NS_ASSERTIONS = NO;
				ENABLE_STRICT_OBJC_MSGSEND = YES;
				GCC_C_LANGUAGE_STANDARD = gnu11;
				GCC_NO_COMMON_BLOCKS = YES;
				GCC_WARN_64_TO_32_BIT_CONVERSION = YES;
				GCC_WARN_ABOUT_RETURN_TYPE = YES_ERROR;
				GCC_WARN_UNDECLARED_SELECTOR = YES;
				GCC_WARN_UNINITIALIZED_AUTOS = YES_AGGRESSIVE;
				GCC_WARN_UNUSED_FUNCTION = YES;
				GCC_WARN_UNUSED_VARIABLE = YES;
				IPHONEOS_DEPLOYMENT_TARGET = 15.2;
				MTL_ENABLE_DEBUG_INFO = NO;
				MTL_FAST_MATH = YES;
				SDKROOT = iphoneos;
				SWIFT_COMPILATION_MODE = wholemodule;
				SWIFT_OPTIMIZATION_LEVEL = "-O";
				VALIDATE_PRODUCT = YES;
			};
			name = Release;
		};
		5B349DCC27FA9AFF00AA602E /* Debug */ = {
			isa = XCBuildConfiguration;
			buildSettings = {
				ASSETCATALOG_COMPILER_APPICON_NAME = AppIcon;
				ASSETCATALOG_COMPILER_GLOBAL_ACCENT_COLOR_NAME = AccentColor;
				CODE_SIGN_STYLE = Automatic;
				CURRENT_PROJECT_VERSION = 1;
				GENERATE_INFOPLIST_FILE = YES;
				INFOPLIST_FILE = "todo-list/configuration/Info.plist";
				INFOPLIST_KEY_UIApplicationSupportsIndirectInputEvents = YES;
				INFOPLIST_KEY_UILaunchStoryboardName = LaunchScreen;
				INFOPLIST_KEY_UIMainStoryboardFile = Main;
				INFOPLIST_KEY_UISupportedInterfaceOrientations_iPad = "UIInterfaceOrientationPortrait UIInterfaceOrientationPortraitUpsideDown UIInterfaceOrientationLandscapeLeft UIInterfaceOrientationLandscapeRight";
				INFOPLIST_KEY_UISupportedInterfaceOrientations_iPhone = "UIInterfaceOrientationPortrait UIInterfaceOrientationLandscapeLeft UIInterfaceOrientationLandscapeRight";
				LD_RUNPATH_SEARCH_PATHS = (
					"$(inherited)",
					"@executable_path/Frameworks",
				);
				MARKETING_VERSION = 1.0;
				PRODUCT_BUNDLE_IDENTIFIER = "Jason.todo-list";
				PRODUCT_NAME = "$(TARGET_NAME)";
				SWIFT_EMIT_LOC_STRINGS = YES;
				SWIFT_VERSION = 5.0;
				TARGETED_DEVICE_FAMILY = "1,2";
			};
			name = Debug;
		};
		5B349DCD27FA9AFF00AA602E /* Release */ = {
			isa = XCBuildConfiguration;
			buildSettings = {
				ASSETCATALOG_COMPILER_APPICON_NAME = AppIcon;
				ASSETCATALOG_COMPILER_GLOBAL_ACCENT_COLOR_NAME = AccentColor;
				CODE_SIGN_STYLE = Automatic;
				CURRENT_PROJECT_VERSION = 1;
				GENERATE_INFOPLIST_FILE = YES;
				INFOPLIST_FILE = "todo-list/configuration/Info.plist";
				INFOPLIST_KEY_UIApplicationSupportsIndirectInputEvents = YES;
				INFOPLIST_KEY_UILaunchStoryboardName = LaunchScreen;
				INFOPLIST_KEY_UIMainStoryboardFile = Main;
				INFOPLIST_KEY_UISupportedInterfaceOrientations_iPad = "UIInterfaceOrientationPortrait UIInterfaceOrientationPortraitUpsideDown UIInterfaceOrientationLandscapeLeft UIInterfaceOrientationLandscapeRight";
				INFOPLIST_KEY_UISupportedInterfaceOrientations_iPhone = "UIInterfaceOrientationPortrait UIInterfaceOrientationLandscapeLeft UIInterfaceOrientationLandscapeRight";
				LD_RUNPATH_SEARCH_PATHS = (
					"$(inherited)",
					"@executable_path/Frameworks",
				);
				MARKETING_VERSION = 1.0;
				PRODUCT_BUNDLE_IDENTIFIER = "Jason.todo-list";
				PRODUCT_NAME = "$(TARGET_NAME)";
				SWIFT_EMIT_LOC_STRINGS = YES;
				SWIFT_VERSION = 5.0;
				TARGETED_DEVICE_FAMILY = "1,2";
			};
			name = Release;
		};
		5B349DCF27FA9AFF00AA602E /* Debug */ = {
			isa = XCBuildConfiguration;
			buildSettings = {
				ALWAYS_EMBED_SWIFT_STANDARD_LIBRARIES = YES;
				BUNDLE_LOADER = "$(TEST_HOST)";
				CODE_SIGN_STYLE = Automatic;
				CURRENT_PROJECT_VERSION = 1;
				GENERATE_INFOPLIST_FILE = YES;
				IPHONEOS_DEPLOYMENT_TARGET = 15.2;
				MARKETING_VERSION = 1.0;
				PRODUCT_BUNDLE_IDENTIFIER = "Jason.todo-listTests";
				PRODUCT_NAME = "$(TARGET_NAME)";
				SWIFT_EMIT_LOC_STRINGS = NO;
				SWIFT_VERSION = 5.0;
				TARGETED_DEVICE_FAMILY = "1,2";
				TEST_HOST = "$(BUILT_PRODUCTS_DIR)/todo-list.app/todo-list";
			};
			name = Debug;
		};
		5B349DD027FA9AFF00AA602E /* Release */ = {
			isa = XCBuildConfiguration;
			buildSettings = {
				ALWAYS_EMBED_SWIFT_STANDARD_LIBRARIES = YES;
				BUNDLE_LOADER = "$(TEST_HOST)";
				CODE_SIGN_STYLE = Automatic;
				CURRENT_PROJECT_VERSION = 1;
				GENERATE_INFOPLIST_FILE = YES;
				IPHONEOS_DEPLOYMENT_TARGET = 15.2;
				MARKETING_VERSION = 1.0;
				PRODUCT_BUNDLE_IDENTIFIER = "Jason.todo-listTests";
				PRODUCT_NAME = "$(TARGET_NAME)";
				SWIFT_EMIT_LOC_STRINGS = NO;
				SWIFT_VERSION = 5.0;
				TARGETED_DEVICE_FAMILY = "1,2";
				TEST_HOST = "$(BUILT_PRODUCTS_DIR)/todo-list.app/todo-list";
			};
			name = Release;
		};
		5B349DD227FA9AFF00AA602E /* Debug */ = {
			isa = XCBuildConfiguration;
			buildSettings = {
				ALWAYS_EMBED_SWIFT_STANDARD_LIBRARIES = YES;
				CODE_SIGN_STYLE = Automatic;
				CURRENT_PROJECT_VERSION = 1;
				GENERATE_INFOPLIST_FILE = YES;
				MARKETING_VERSION = 1.0;
				PRODUCT_BUNDLE_IDENTIFIER = "Jason.todo-listUITests";
				PRODUCT_NAME = "$(TARGET_NAME)";
				SWIFT_EMIT_LOC_STRINGS = NO;
				SWIFT_VERSION = 5.0;
				TARGETED_DEVICE_FAMILY = "1,2";
				TEST_TARGET_NAME = "todo-list";
			};
			name = Debug;
		};
		5B349DD327FA9AFF00AA602E /* Release */ = {
			isa = XCBuildConfiguration;
			buildSettings = {
				ALWAYS_EMBED_SWIFT_STANDARD_LIBRARIES = YES;
				CODE_SIGN_STYLE = Automatic;
				CURRENT_PROJECT_VERSION = 1;
				GENERATE_INFOPLIST_FILE = YES;
				MARKETING_VERSION = 1.0;
				PRODUCT_BUNDLE_IDENTIFIER = "Jason.todo-listUITests";
				PRODUCT_NAME = "$(TARGET_NAME)";
				SWIFT_EMIT_LOC_STRINGS = NO;
				SWIFT_VERSION = 5.0;
				TARGETED_DEVICE_FAMILY = "1,2";
				TEST_TARGET_NAME = "todo-list";
			};
			name = Release;
		};
/* End XCBuildConfiguration section */

/* Begin XCConfigurationList section */
		5B349D9C27FA9AFE00AA602E /* Build configuration list for PBXProject "todo-list" */ = {
			isa = XCConfigurationList;
			buildConfigurations = (
				5B349DC927FA9AFF00AA602E /* Debug */,
				5B349DCA27FA9AFF00AA602E /* Release */,
			);
			defaultConfigurationIsVisible = 0;
			defaultConfigurationName = Release;
		};
		5B349DCB27FA9AFF00AA602E /* Build configuration list for PBXNativeTarget "todo-list" */ = {
			isa = XCConfigurationList;
			buildConfigurations = (
				5B349DCC27FA9AFF00AA602E /* Debug */,
				5B349DCD27FA9AFF00AA602E /* Release */,
			);
			defaultConfigurationIsVisible = 0;
			defaultConfigurationName = Release;
		};
		5B349DCE27FA9AFF00AA602E /* Build configuration list for PBXNativeTarget "todo-listTests" */ = {
			isa = XCConfigurationList;
			buildConfigurations = (
				5B349DCF27FA9AFF00AA602E /* Debug */,
				5B349DD027FA9AFF00AA602E /* Release */,
			);
			defaultConfigurationIsVisible = 0;
			defaultConfigurationName = Release;
		};
		5B349DD127FA9AFF00AA602E /* Build configuration list for PBXNativeTarget "todo-listUITests" */ = {
			isa = XCConfigurationList;
			buildConfigurations = (
				5B349DD227FA9AFF00AA602E /* Debug */,
				5B349DD327FA9AFF00AA602E /* Release */,
			);
			defaultConfigurationIsVisible = 0;
			defaultConfigurationName = Release;
		};
/* End XCConfigurationList section */
	};
	rootObject = 5B349D9927FA9AFE00AA602E /* Project object */;
}
