// !$*UTF8*$!
{
	archiveVersion = 1;
	classes = {
	};
	objectVersion = 55;
	objects = {

/* Begin PBXBuildFile section */
		00A14F5E27FC07AB00474097 /* CardUsable.swift in Sources */ = {isa = PBXBuildFile; fileRef = 00A14F5D27FC07AB00474097 /* CardUsable.swift */; };
		00A14F6027FC07C700474097 /* CardFactory.swift in Sources */ = {isa = PBXBuildFile; fileRef = 00A14F5F27FC07C700474097 /* CardFactory.swift */; };
		00A14F6827FC140D00474097 /* TodoCardManager.swift in Sources */ = {isa = PBXBuildFile; fileRef = 00A14F6727FC140D00474097 /* TodoCardManager.swift */; };
		00A14F6B27FC181100474097 /* TodoCardDelegate.swift in Sources */ = {isa = PBXBuildFile; fileRef = 00A14F6A27FC181100474097 /* TodoCardDelegate.swift */; };
		00A14F6D27FC186500474097 /* DoingCardDelegate.swift in Sources */ = {isa = PBXBuildFile; fileRef = 00A14F6C27FC186500474097 /* DoingCardDelegate.swift */; };
		00A14F6F27FC187900474097 /* DoneCardDelegate.swift in Sources */ = {isa = PBXBuildFile; fileRef = 00A14F6E27FC187900474097 /* DoneCardDelegate.swift */; };
		00A14F7127FC19EB00474097 /* CardBoard.swift in Sources */ = {isa = PBXBuildFile; fileRef = 00A14F7027FC19EB00474097 /* CardBoard.swift */; };
		00A14F7327FC1AD300474097 /* DoingCardManager.swift in Sources */ = {isa = PBXBuildFile; fileRef = 00A14F7227FC1AD300474097 /* DoingCardManager.swift */; };
		00A14F7527FC1AD900474097 /* DoneCardManager.swift in Sources */ = {isa = PBXBuildFile; fileRef = 00A14F7427FC1AD900474097 /* DoneCardManager.swift */; };
		72695E1927FBE2DE00A29350 /* AppDelegate.swift in Sources */ = {isa = PBXBuildFile; fileRef = 72695E1827FBE2DE00A29350 /* AppDelegate.swift */; };
		72695E1B27FBE2DE00A29350 /* SceneDelegate.swift in Sources */ = {isa = PBXBuildFile; fileRef = 72695E1A27FBE2DE00A29350 /* SceneDelegate.swift */; };
		72695E1D27FBE2DE00A29350 /* ViewController.swift in Sources */ = {isa = PBXBuildFile; fileRef = 72695E1C27FBE2DE00A29350 /* ViewController.swift */; };
		72695E2027FBE2DE00A29350 /* Main.storyboard in Resources */ = {isa = PBXBuildFile; fileRef = 72695E1E27FBE2DE00A29350 /* Main.storyboard */; };
		72695E2227FBE2E000A29350 /* Assets.xcassets in Resources */ = {isa = PBXBuildFile; fileRef = 72695E2127FBE2E000A29350 /* Assets.xcassets */; };
		72695E2527FBE2E000A29350 /* LaunchScreen.storyboard in Resources */ = {isa = PBXBuildFile; fileRef = 72695E2327FBE2E000A29350 /* LaunchScreen.storyboard */; };
		72695E3027FBE2E000A29350 /* TodoListTests.swift in Sources */ = {isa = PBXBuildFile; fileRef = 72695E2F27FBE2E000A29350 /* TodoListTests.swift */; };
		72695E3A27FBE2E000A29350 /* TodoListUITests.swift in Sources */ = {isa = PBXBuildFile; fileRef = 72695E3927FBE2E000A29350 /* TodoListUITests.swift */; };
		72695E3C27FBE2E000A29350 /* TodoListUITestsLaunchTests.swift in Sources */ = {isa = PBXBuildFile; fileRef = 72695E3B27FBE2E000A29350 /* TodoListUITestsLaunchTests.swift */; };
		72695E4A27FBE79C00A29350 /* Card.swift in Sources */ = {isa = PBXBuildFile; fileRef = 72695E4927FBE79C00A29350 /* Card.swift */; };
/* End PBXBuildFile section */

/* Begin PBXContainerItemProxy section */
		72695E2C27FBE2E000A29350 /* PBXContainerItemProxy */ = {
			isa = PBXContainerItemProxy;
			containerPortal = 72695E0D27FBE2DE00A29350 /* Project object */;
			proxyType = 1;
			remoteGlobalIDString = 72695E1427FBE2DE00A29350;
			remoteInfo = TodoList;
		};
		72695E3627FBE2E000A29350 /* PBXContainerItemProxy */ = {
			isa = PBXContainerItemProxy;
			containerPortal = 72695E0D27FBE2DE00A29350 /* Project object */;
			proxyType = 1;
			remoteGlobalIDString = 72695E1427FBE2DE00A29350;
			remoteInfo = TodoList;
		};
/* End PBXContainerItemProxy section */

/* Begin PBXFileReference section */
		00A14F5D27FC07AB00474097 /* CardUsable.swift */ = {isa = PBXFileReference; lastKnownFileType = sourcecode.swift; path = CardUsable.swift; sourceTree = "<group>"; };
		00A14F5F27FC07C700474097 /* CardFactory.swift */ = {isa = PBXFileReference; lastKnownFileType = sourcecode.swift; path = CardFactory.swift; sourceTree = "<group>"; };
		00A14F6727FC140D00474097 /* TodoCardManager.swift */ = {isa = PBXFileReference; lastKnownFileType = sourcecode.swift; path = TodoCardManager.swift; sourceTree = "<group>"; };
		00A14F6A27FC181100474097 /* TodoCardDelegate.swift */ = {isa = PBXFileReference; lastKnownFileType = sourcecode.swift; path = TodoCardDelegate.swift; sourceTree = "<group>"; };
		00A14F6C27FC186500474097 /* DoingCardDelegate.swift */ = {isa = PBXFileReference; lastKnownFileType = sourcecode.swift; path = DoingCardDelegate.swift; sourceTree = "<group>"; };
		00A14F6E27FC187900474097 /* DoneCardDelegate.swift */ = {isa = PBXFileReference; lastKnownFileType = sourcecode.swift; path = DoneCardDelegate.swift; sourceTree = "<group>"; };
		00A14F7027FC19EB00474097 /* CardBoard.swift */ = {isa = PBXFileReference; lastKnownFileType = sourcecode.swift; path = CardBoard.swift; sourceTree = "<group>"; };
		00A14F7227FC1AD300474097 /* DoingCardManager.swift */ = {isa = PBXFileReference; lastKnownFileType = sourcecode.swift; path = DoingCardManager.swift; sourceTree = "<group>"; };
		00A14F7427FC1AD900474097 /* DoneCardManager.swift */ = {isa = PBXFileReference; lastKnownFileType = sourcecode.swift; path = DoneCardManager.swift; sourceTree = "<group>"; };
		72695E1527FBE2DE00A29350 /* TodoList.app */ = {isa = PBXFileReference; explicitFileType = wrapper.application; includeInIndex = 0; path = TodoList.app; sourceTree = BUILT_PRODUCTS_DIR; };
		72695E1827FBE2DE00A29350 /* AppDelegate.swift */ = {isa = PBXFileReference; lastKnownFileType = sourcecode.swift; path = AppDelegate.swift; sourceTree = "<group>"; };
		72695E1A27FBE2DE00A29350 /* SceneDelegate.swift */ = {isa = PBXFileReference; lastKnownFileType = sourcecode.swift; path = SceneDelegate.swift; sourceTree = "<group>"; };
		72695E1C27FBE2DE00A29350 /* ViewController.swift */ = {isa = PBXFileReference; lastKnownFileType = sourcecode.swift; path = ViewController.swift; sourceTree = "<group>"; };
		72695E1F27FBE2DE00A29350 /* Base */ = {isa = PBXFileReference; lastKnownFileType = file.storyboard; name = Base; path = Base.lproj/Main.storyboard; sourceTree = "<group>"; };
		72695E2127FBE2E000A29350 /* Assets.xcassets */ = {isa = PBXFileReference; lastKnownFileType = folder.assetcatalog; path = Assets.xcassets; sourceTree = "<group>"; };
		72695E2427FBE2E000A29350 /* Base */ = {isa = PBXFileReference; lastKnownFileType = file.storyboard; name = Base; path = Base.lproj/LaunchScreen.storyboard; sourceTree = "<group>"; };
		72695E2627FBE2E000A29350 /* Info.plist */ = {isa = PBXFileReference; lastKnownFileType = text.plist.xml; path = Info.plist; sourceTree = "<group>"; };
		72695E2B27FBE2E000A29350 /* TodoListTests.xctest */ = {isa = PBXFileReference; explicitFileType = wrapper.cfbundle; includeInIndex = 0; path = TodoListTests.xctest; sourceTree = BUILT_PRODUCTS_DIR; };
		72695E2F27FBE2E000A29350 /* TodoListTests.swift */ = {isa = PBXFileReference; lastKnownFileType = sourcecode.swift; path = TodoListTests.swift; sourceTree = "<group>"; };
		72695E3527FBE2E000A29350 /* TodoListUITests.xctest */ = {isa = PBXFileReference; explicitFileType = wrapper.cfbundle; includeInIndex = 0; path = TodoListUITests.xctest; sourceTree = BUILT_PRODUCTS_DIR; };
		72695E3927FBE2E000A29350 /* TodoListUITests.swift */ = {isa = PBXFileReference; lastKnownFileType = sourcecode.swift; path = TodoListUITests.swift; sourceTree = "<group>"; };
		72695E3B27FBE2E000A29350 /* TodoListUITestsLaunchTests.swift */ = {isa = PBXFileReference; lastKnownFileType = sourcecode.swift; path = TodoListUITestsLaunchTests.swift; sourceTree = "<group>"; };
		72695E4927FBE79C00A29350 /* Card.swift */ = {isa = PBXFileReference; lastKnownFileType = sourcecode.swift; path = Card.swift; sourceTree = "<group>"; };
/* End PBXFileReference section */

/* Begin PBXFrameworksBuildPhase section */
		72695E1227FBE2DE00A29350 /* Frameworks */ = {
			isa = PBXFrameworksBuildPhase;
			buildActionMask = 2147483647;
			files = (
			);
			runOnlyForDeploymentPostprocessing = 0;
		};
		72695E2827FBE2E000A29350 /* Frameworks */ = {
			isa = PBXFrameworksBuildPhase;
			buildActionMask = 2147483647;
			files = (
			);
			runOnlyForDeploymentPostprocessing = 0;
		};
		72695E3227FBE2E000A29350 /* Frameworks */ = {
			isa = PBXFrameworksBuildPhase;
			buildActionMask = 2147483647;
			files = (
			);
			runOnlyForDeploymentPostprocessing = 0;
		};
/* End PBXFrameworksBuildPhase section */

/* Begin PBXGroup section */
		00A14F6927FC180400474097 /* delegate */ = {
			isa = PBXGroup;
			children = (
				00A14F6A27FC181100474097 /* TodoCardDelegate.swift */,
				00A14F6C27FC186500474097 /* DoingCardDelegate.swift */,
				00A14F6E27FC187900474097 /* DoneCardDelegate.swift */,
			);
			path = delegate;
			sourceTree = "<group>";
		};
		72695E0C27FBE2DD00A29350 = {
			isa = PBXGroup;
			children = (
				72695E1727FBE2DE00A29350 /* TodoList */,
				72695E2E27FBE2E000A29350 /* TodoListTests */,
				72695E3827FBE2E000A29350 /* TodoListUITests */,
				72695E1627FBE2DE00A29350 /* Products */,
			);
			sourceTree = "<group>";
		};
		72695E1627FBE2DE00A29350 /* Products */ = {
			isa = PBXGroup;
			children = (
				72695E1527FBE2DE00A29350 /* TodoList.app */,
				72695E2B27FBE2E000A29350 /* TodoListTests.xctest */,
				72695E3527FBE2E000A29350 /* TodoListUITests.xctest */,
			);
			name = Products;
			sourceTree = "<group>";
		};
		72695E1727FBE2DE00A29350 /* TodoList */ = {
			isa = PBXGroup;
			children = (
				72695E4827FBE6DE00A29350 /* domain */,
				72695E1827FBE2DE00A29350 /* AppDelegate.swift */,
				72695E1A27FBE2DE00A29350 /* SceneDelegate.swift */,
				72695E1C27FBE2DE00A29350 /* ViewController.swift */,
				72695E1E27FBE2DE00A29350 /* Main.storyboard */,
				72695E2127FBE2E000A29350 /* Assets.xcassets */,
				72695E2327FBE2E000A29350 /* LaunchScreen.storyboard */,
				72695E2627FBE2E000A29350 /* Info.plist */,
			);
			path = TodoList;
			sourceTree = "<group>";
		};
		72695E2E27FBE2E000A29350 /* TodoListTests */ = {
			isa = PBXGroup;
			children = (
				72695E2F27FBE2E000A29350 /* TodoListTests.swift */,
			);
			path = TodoListTests;
			sourceTree = "<group>";
		};
		72695E3827FBE2E000A29350 /* TodoListUITests */ = {
			isa = PBXGroup;
			children = (
				72695E3927FBE2E000A29350 /* TodoListUITests.swift */,
				72695E3B27FBE2E000A29350 /* TodoListUITestsLaunchTests.swift */,
			);
			path = TodoListUITests;
			sourceTree = "<group>";
		};
		72695E4827FBE6DE00A29350 /* domain */ = {
			isa = PBXGroup;
			children = (
				00A14F6927FC180400474097 /* delegate */,
				72695E4927FBE79C00A29350 /* Card.swift */,
				00A14F6727FC140D00474097 /* TodoCardManager.swift */,
				00A14F7227FC1AD300474097 /* DoingCardManager.swift */,
				00A14F7427FC1AD900474097 /* DoneCardManager.swift */,
				00A14F7027FC19EB00474097 /* CardBoard.swift */,
				00A14F5D27FC07AB00474097 /* CardUsable.swift */,
				00A14F5F27FC07C700474097 /* CardFactory.swift */,
			);
			path = domain;
			sourceTree = "<group>";
		};
/* End PBXGroup section */

/* Begin PBXNativeTarget section */
		72695E1427FBE2DE00A29350 /* TodoList */ = {
			isa = PBXNativeTarget;
			buildConfigurationList = 72695E3F27FBE2E000A29350 /* Build configuration list for PBXNativeTarget "TodoList" */;
			buildPhases = (
				72695E1127FBE2DE00A29350 /* Sources */,
				72695E1227FBE2DE00A29350 /* Frameworks */,
				72695E1327FBE2DE00A29350 /* Resources */,
			);
			buildRules = (
			);
			dependencies = (
			);
			name = TodoList;
			productName = TodoList;
			productReference = 72695E1527FBE2DE00A29350 /* TodoList.app */;
			productType = "com.apple.product-type.application";
		};
		72695E2A27FBE2E000A29350 /* TodoListTests */ = {
			isa = PBXNativeTarget;
			buildConfigurationList = 72695E4227FBE2E000A29350 /* Build configuration list for PBXNativeTarget "TodoListTests" */;
			buildPhases = (
				72695E2727FBE2E000A29350 /* Sources */,
				72695E2827FBE2E000A29350 /* Frameworks */,
				72695E2927FBE2E000A29350 /* Resources */,
			);
			buildRules = (
			);
			dependencies = (
				72695E2D27FBE2E000A29350 /* PBXTargetDependency */,
			);
			name = TodoListTests;
			productName = TodoListTests;
			productReference = 72695E2B27FBE2E000A29350 /* TodoListTests.xctest */;
			productType = "com.apple.product-type.bundle.unit-test";
		};
		72695E3427FBE2E000A29350 /* TodoListUITests */ = {
			isa = PBXNativeTarget;
			buildConfigurationList = 72695E4527FBE2E000A29350 /* Build configuration list for PBXNativeTarget "TodoListUITests" */;
			buildPhases = (
				72695E3127FBE2E000A29350 /* Sources */,
				72695E3227FBE2E000A29350 /* Frameworks */,
				72695E3327FBE2E000A29350 /* Resources */,
			);
			buildRules = (
			);
			dependencies = (
				72695E3727FBE2E000A29350 /* PBXTargetDependency */,
			);
			name = TodoListUITests;
			productName = TodoListUITests;
			productReference = 72695E3527FBE2E000A29350 /* TodoListUITests.xctest */;
			productType = "com.apple.product-type.bundle.ui-testing";
		};
/* End PBXNativeTarget section */

/* Begin PBXProject section */
		72695E0D27FBE2DE00A29350 /* Project object */ = {
			isa = PBXProject;
			attributes = {
				BuildIndependentTargetsInParallel = 1;
				LastSwiftUpdateCheck = 1320;
				LastUpgradeCheck = 1320;
				TargetAttributes = {
					72695E1427FBE2DE00A29350 = {
						CreatedOnToolsVersion = 13.2.1;
					};
					72695E2A27FBE2E000A29350 = {
						CreatedOnToolsVersion = 13.2.1;
						TestTargetID = 72695E1427FBE2DE00A29350;
					};
					72695E3427FBE2E000A29350 = {
						CreatedOnToolsVersion = 13.2.1;
						TestTargetID = 72695E1427FBE2DE00A29350;
					};
				};
			};
			buildConfigurationList = 72695E1027FBE2DE00A29350 /* Build configuration list for PBXProject "TodoList" */;
			compatibilityVersion = "Xcode 13.0";
			developmentRegion = en;
			hasScannedForEncodings = 0;
			knownRegions = (
				en,
				Base,
			);
			mainGroup = 72695E0C27FBE2DD00A29350;
			productRefGroup = 72695E1627FBE2DE00A29350 /* Products */;
			projectDirPath = "";
			projectRoot = "";
			targets = (
				72695E1427FBE2DE00A29350 /* TodoList */,
				72695E2A27FBE2E000A29350 /* TodoListTests */,
				72695E3427FBE2E000A29350 /* TodoListUITests */,
			);
		};
/* End PBXProject section */

/* Begin PBXResourcesBuildPhase section */
		72695E1327FBE2DE00A29350 /* Resources */ = {
			isa = PBXResourcesBuildPhase;
			buildActionMask = 2147483647;
			files = (
				72695E2527FBE2E000A29350 /* LaunchScreen.storyboard in Resources */,
				72695E2227FBE2E000A29350 /* Assets.xcassets in Resources */,
				72695E2027FBE2DE00A29350 /* Main.storyboard in Resources */,
			);
			runOnlyForDeploymentPostprocessing = 0;
		};
		72695E2927FBE2E000A29350 /* Resources */ = {
			isa = PBXResourcesBuildPhase;
			buildActionMask = 2147483647;
			files = (
			);
			runOnlyForDeploymentPostprocessing = 0;
		};
		72695E3327FBE2E000A29350 /* Resources */ = {
			isa = PBXResourcesBuildPhase;
			buildActionMask = 2147483647;
			files = (
			);
			runOnlyForDeploymentPostprocessing = 0;
		};
/* End PBXResourcesBuildPhase section */

/* Begin PBXSourcesBuildPhase section */
		72695E1127FBE2DE00A29350 /* Sources */ = {
			isa = PBXSourcesBuildPhase;
			buildActionMask = 2147483647;
			files = (
				00A14F6827FC140D00474097 /* TodoCardManager.swift in Sources */,
				00A14F7127FC19EB00474097 /* CardBoard.swift in Sources */,
				00A14F6027FC07C700474097 /* CardFactory.swift in Sources */,
				00A14F7527FC1AD900474097 /* DoneCardManager.swift in Sources */,
				00A14F6D27FC186500474097 /* DoingCardDelegate.swift in Sources */,
				00A14F6B27FC181100474097 /* TodoCardDelegate.swift in Sources */,
				72695E1D27FBE2DE00A29350 /* ViewController.swift in Sources */,
				00A14F5E27FC07AB00474097 /* CardUsable.swift in Sources */,
				72695E1927FBE2DE00A29350 /* AppDelegate.swift in Sources */,
				72695E1B27FBE2DE00A29350 /* SceneDelegate.swift in Sources */,
				00A14F6F27FC187900474097 /* DoneCardDelegate.swift in Sources */,
				72695E4A27FBE79C00A29350 /* Card.swift in Sources */,
				00A14F7327FC1AD300474097 /* DoingCardManager.swift in Sources */,
			);
			runOnlyForDeploymentPostprocessing = 0;
		};
		72695E2727FBE2E000A29350 /* Sources */ = {
			isa = PBXSourcesBuildPhase;
			buildActionMask = 2147483647;
			files = (
				72695E3027FBE2E000A29350 /* TodoListTests.swift in Sources */,
			);
			runOnlyForDeploymentPostprocessing = 0;
		};
		72695E3127FBE2E000A29350 /* Sources */ = {
			isa = PBXSourcesBuildPhase;
			buildActionMask = 2147483647;
			files = (
				72695E3C27FBE2E000A29350 /* TodoListUITestsLaunchTests.swift in Sources */,
				72695E3A27FBE2E000A29350 /* TodoListUITests.swift in Sources */,
			);
			runOnlyForDeploymentPostprocessing = 0;
		};
/* End PBXSourcesBuildPhase section */

/* Begin PBXTargetDependency section */
		72695E2D27FBE2E000A29350 /* PBXTargetDependency */ = {
			isa = PBXTargetDependency;
			target = 72695E1427FBE2DE00A29350 /* TodoList */;
			targetProxy = 72695E2C27FBE2E000A29350 /* PBXContainerItemProxy */;
		};
		72695E3727FBE2E000A29350 /* PBXTargetDependency */ = {
			isa = PBXTargetDependency;
			target = 72695E1427FBE2DE00A29350 /* TodoList */;
			targetProxy = 72695E3627FBE2E000A29350 /* PBXContainerItemProxy */;
		};
/* End PBXTargetDependency section */

/* Begin PBXVariantGroup section */
		72695E1E27FBE2DE00A29350 /* Main.storyboard */ = {
			isa = PBXVariantGroup;
			children = (
				72695E1F27FBE2DE00A29350 /* Base */,
			);
			name = Main.storyboard;
			sourceTree = "<group>";
		};
		72695E2327FBE2E000A29350 /* LaunchScreen.storyboard */ = {
			isa = PBXVariantGroup;
			children = (
				72695E2427FBE2E000A29350 /* Base */,
			);
			name = LaunchScreen.storyboard;
			sourceTree = "<group>";
		};
/* End PBXVariantGroup section */

/* Begin XCBuildConfiguration section */
		72695E3D27FBE2E000A29350 /* Debug */ = {
			isa = XCBuildConfiguration;
			buildSettings = {
				ALWAYS_SEARCH_USER_PATHS = NO;
				CLANG_ANALYZER_NONNULL = YES;
				CLANG_ANALYZER_NUMBER_OBJECT_CONVERSION = YES_AGGRESSIVE;
				CLANG_CXX_LANGUAGE_STANDARD = "gnu++17";
				CLANG_CXX_LIBRARY = "libc++";
				CLANG_ENABLE_MODULES = YES;
				CLANG_ENABLE_OBJC_ARC = YES;
				CLANG_ENABLE_OBJC_WEAK = YES;
				CLANG_WARN_BLOCK_CAPTURE_AUTORELEASING = YES;
				CLANG_WARN_BOOL_CONVERSION = YES;
				CLANG_WARN_COMMA = YES;
				CLANG_WARN_CONSTANT_CONVERSION = YES;
				CLANG_WARN_DEPRECATED_OBJC_IMPLEMENTATIONS = YES;
				CLANG_WARN_DIRECT_OBJC_ISA_USAGE = YES_ERROR;
				CLANG_WARN_DOCUMENTATION_COMMENTS = YES;
				CLANG_WARN_EMPTY_BODY = YES;
				CLANG_WARN_ENUM_CONVERSION = YES;
				CLANG_WARN_INFINITE_RECURSION = YES;
				CLANG_WARN_INT_CONVERSION = YES;
				CLANG_WARN_NON_LITERAL_NULL_CONVERSION = YES;
				CLANG_WARN_OBJC_IMPLICIT_RETAIN_SELF = YES;
				CLANG_WARN_OBJC_LITERAL_CONVERSION = YES;
				CLANG_WARN_OBJC_ROOT_CLASS = YES_ERROR;
				CLANG_WARN_QUOTED_INCLUDE_IN_FRAMEWORK_HEADER = YES;
				CLANG_WARN_RANGE_LOOP_ANALYSIS = YES;
				CLANG_WARN_STRICT_PROTOTYPES = YES;
				CLANG_WARN_SUSPICIOUS_MOVE = YES;
				CLANG_WARN_UNGUARDED_AVAILABILITY = YES_AGGRESSIVE;
				CLANG_WARN_UNREACHABLE_CODE = YES;
				CLANG_WARN__DUPLICATE_METHOD_MATCH = YES;
				COPY_PHASE_STRIP = NO;
				DEBUG_INFORMATION_FORMAT = dwarf;
				ENABLE_STRICT_OBJC_MSGSEND = YES;
				ENABLE_TESTABILITY = YES;
				GCC_C_LANGUAGE_STANDARD = gnu11;
				GCC_DYNAMIC_NO_PIC = NO;
				GCC_NO_COMMON_BLOCKS = YES;
				GCC_OPTIMIZATION_LEVEL = 0;
				GCC_PREPROCESSOR_DEFINITIONS = (
					"DEBUG=1",
					"$(inherited)",
				);
				GCC_WARN_64_TO_32_BIT_CONVERSION = YES;
				GCC_WARN_ABOUT_RETURN_TYPE = YES_ERROR;
				GCC_WARN_UNDECLARED_SELECTOR = YES;
				GCC_WARN_UNINITIALIZED_AUTOS = YES_AGGRESSIVE;
				GCC_WARN_UNUSED_FUNCTION = YES;
				GCC_WARN_UNUSED_VARIABLE = YES;
				IPHONEOS_DEPLOYMENT_TARGET = 15.2;
				MTL_ENABLE_DEBUG_INFO = INCLUDE_SOURCE;
				MTL_FAST_MATH = YES;
				ONLY_ACTIVE_ARCH = YES;
				SDKROOT = iphoneos;
				SWIFT_ACTIVE_COMPILATION_CONDITIONS = DEBUG;
				SWIFT_OPTIMIZATION_LEVEL = "-Onone";
			};
			name = Debug;
		};
		72695E3E27FBE2E000A29350 /* Release */ = {
			isa = XCBuildConfiguration;
			buildSettings = {
				ALWAYS_SEARCH_USER_PATHS = NO;
				CLANG_ANALYZER_NONNULL = YES;
				CLANG_ANALYZER_NUMBER_OBJECT_CONVERSION = YES_AGGRESSIVE;
				CLANG_CXX_LANGUAGE_STANDARD = "gnu++17";
				CLANG_CXX_LIBRARY = "libc++";
				CLANG_ENABLE_MODULES = YES;
				CLANG_ENABLE_OBJC_ARC = YES;
				CLANG_ENABLE_OBJC_WEAK = YES;
				CLANG_WARN_BLOCK_CAPTURE_AUTORELEASING = YES;
				CLANG_WARN_BOOL_CONVERSION = YES;
				CLANG_WARN_COMMA = YES;
				CLANG_WARN_CONSTANT_CONVERSION = YES;
				CLANG_WARN_DEPRECATED_OBJC_IMPLEMENTATIONS = YES;
				CLANG_WARN_DIRECT_OBJC_ISA_USAGE = YES_ERROR;
				CLANG_WARN_DOCUMENTATION_COMMENTS = YES;
				CLANG_WARN_EMPTY_BODY = YES;
				CLANG_WARN_ENUM_CONVERSION = YES;
				CLANG_WARN_INFINITE_RECURSION = YES;
				CLANG_WARN_INT_CONVERSION = YES;
				CLANG_WARN_NON_LITERAL_NULL_CONVERSION = YES;
				CLANG_WARN_OBJC_IMPLICIT_RETAIN_SELF = YES;
				CLANG_WARN_OBJC_LITERAL_CONVERSION = YES;
				CLANG_WARN_OBJC_ROOT_CLASS = YES_ERROR;
				CLANG_WARN_QUOTED_INCLUDE_IN_FRAMEWORK_HEADER = YES;
				CLANG_WARN_RANGE_LOOP_ANALYSIS = YES;
				CLANG_WARN_STRICT_PROTOTYPES = YES;
				CLANG_WARN_SUSPICIOUS_MOVE = YES;
				CLANG_WARN_UNGUARDED_AVAILABILITY = YES_AGGRESSIVE;
				CLANG_WARN_UNREACHABLE_CODE = YES;
				CLANG_WARN__DUPLICATE_METHOD_MATCH = YES;
				COPY_PHASE_STRIP = NO;
				DEBUG_INFORMATION_FORMAT = "dwarf-with-dsym";
				ENABLE_NS_ASSERTIONS = NO;
				ENABLE_STRICT_OBJC_MSGSEND = YES;
				GCC_C_LANGUAGE_STANDARD = gnu11;
				GCC_NO_COMMON_BLOCKS = YES;
				GCC_WARN_64_TO_32_BIT_CONVERSION = YES;
				GCC_WARN_ABOUT_RETURN_TYPE = YES_ERROR;
				GCC_WARN_UNDECLARED_SELECTOR = YES;
				GCC_WARN_UNINITIALIZED_AUTOS = YES_AGGRESSIVE;
				GCC_WARN_UNUSED_FUNCTION = YES;
				GCC_WARN_UNUSED_VARIABLE = YES;
				IPHONEOS_DEPLOYMENT_TARGET = 15.2;
				MTL_ENABLE_DEBUG_INFO = NO;
				MTL_FAST_MATH = YES;
				SDKROOT = iphoneos;
				SWIFT_COMPILATION_MODE = wholemodule;
				SWIFT_OPTIMIZATION_LEVEL = "-O";
				VALIDATE_PRODUCT = YES;
			};
			name = Release;
		};
		72695E4027FBE2E000A29350 /* Debug */ = {
			isa = XCBuildConfiguration;
			buildSettings = {
				ASSETCATALOG_COMPILER_APPICON_NAME = AppIcon;
				ASSETCATALOG_COMPILER_GLOBAL_ACCENT_COLOR_NAME = AccentColor;
				CODE_SIGN_STYLE = Automatic;
				CURRENT_PROJECT_VERSION = 1;
				GENERATE_INFOPLIST_FILE = YES;
				INFOPLIST_FILE = TodoList/Info.plist;
				INFOPLIST_KEY_UIApplicationSupportsIndirectInputEvents = YES;
				INFOPLIST_KEY_UILaunchStoryboardName = LaunchScreen;
				INFOPLIST_KEY_UIMainStoryboardFile = Main;
				INFOPLIST_KEY_UISupportedInterfaceOrientations = "UIInterfaceOrientationLandscapeLeft UIInterfaceOrientationLandscapeRight";
				INFOPLIST_KEY_UISupportedInterfaceOrientations_iPad = "UIInterfaceOrientationPortrait UIInterfaceOrientationPortraitUpsideDown UIInterfaceOrientationLandscapeLeft UIInterfaceOrientationLandscapeRight";
				INFOPLIST_KEY_UISupportedInterfaceOrientations_iPhone = "UIInterfaceOrientationPortrait UIInterfaceOrientationLandscapeLeft UIInterfaceOrientationLandscapeRight";
				LD_RUNPATH_SEARCH_PATHS = (
					"$(inherited)",
					"@executable_path/Frameworks",
				);
				MARKETING_VERSION = 1.0;
				PRODUCT_BUNDLE_IDENTIFIER = practice.TodoList;
				PRODUCT_NAME = "$(TARGET_NAME)";
				SWIFT_EMIT_LOC_STRINGS = YES;
				SWIFT_VERSION = 5.0;
				TARGETED_DEVICE_FAMILY = "1,2";
			};
			name = Debug;
		};
		72695E4127FBE2E000A29350 /* Release */ = {
			isa = XCBuildConfiguration;
			buildSettings = {
				ASSETCATALOG_COMPILER_APPICON_NAME = AppIcon;
				ASSETCATALOG_COMPILER_GLOBAL_ACCENT_COLOR_NAME = AccentColor;
				CODE_SIGN_STYLE = Automatic;
				CURRENT_PROJECT_VERSION = 1;
				GENERATE_INFOPLIST_FILE = YES;
				INFOPLIST_FILE = TodoList/Info.plist;
				INFOPLIST_KEY_UIApplicationSupportsIndirectInputEvents = YES;
				INFOPLIST_KEY_UILaunchStoryboardName = LaunchScreen;
				INFOPLIST_KEY_UIMainStoryboardFile = Main;
				INFOPLIST_KEY_UISupportedInterfaceOrientations = "UIInterfaceOrientationLandscapeLeft UIInterfaceOrientationLandscapeRight";
				INFOPLIST_KEY_UISupportedInterfaceOrientations_iPad = "UIInterfaceOrientationPortrait UIInterfaceOrientationPortraitUpsideDown UIInterfaceOrientationLandscapeLeft UIInterfaceOrientationLandscapeRight";
				INFOPLIST_KEY_UISupportedInterfaceOrientations_iPhone = "UIInterfaceOrientationPortrait UIInterfaceOrientationLandscapeLeft UIInterfaceOrientationLandscapeRight";
				LD_RUNPATH_SEARCH_PATHS = (
					"$(inherited)",
					"@executable_path/Frameworks",
				);
				MARKETING_VERSION = 1.0;
				PRODUCT_BUNDLE_IDENTIFIER = practice.TodoList;
				PRODUCT_NAME = "$(TARGET_NAME)";
				SWIFT_EMIT_LOC_STRINGS = YES;
				SWIFT_VERSION = 5.0;
				TARGETED_DEVICE_FAMILY = "1,2";
			};
			name = Release;
		};
		72695E4327FBE2E000A29350 /* Debug */ = {
			isa = XCBuildConfiguration;
			buildSettings = {
				ALWAYS_EMBED_SWIFT_STANDARD_LIBRARIES = YES;
				BUNDLE_LOADER = "$(TEST_HOST)";
				CODE_SIGN_STYLE = Automatic;
				CURRENT_PROJECT_VERSION = 1;
				GENERATE_INFOPLIST_FILE = YES;
				IPHONEOS_DEPLOYMENT_TARGET = 15.2;
				MARKETING_VERSION = 1.0;
				PRODUCT_BUNDLE_IDENTIFIER = practice.TodoListTests;
				PRODUCT_NAME = "$(TARGET_NAME)";
				SWIFT_EMIT_LOC_STRINGS = NO;
				SWIFT_VERSION = 5.0;
				TARGETED_DEVICE_FAMILY = "1,2";
				TEST_HOST = "$(BUILT_PRODUCTS_DIR)/TodoList.app/TodoList";
			};
			name = Debug;
		};
		72695E4427FBE2E000A29350 /* Release */ = {
			isa = XCBuildConfiguration;
			buildSettings = {
				ALWAYS_EMBED_SWIFT_STANDARD_LIBRARIES = YES;
				BUNDLE_LOADER = "$(TEST_HOST)";
				CODE_SIGN_STYLE = Automatic;
				CURRENT_PROJECT_VERSION = 1;
				GENERATE_INFOPLIST_FILE = YES;
				IPHONEOS_DEPLOYMENT_TARGET = 15.2;
				MARKETING_VERSION = 1.0;
				PRODUCT_BUNDLE_IDENTIFIER = practice.TodoListTests;
				PRODUCT_NAME = "$(TARGET_NAME)";
				SWIFT_EMIT_LOC_STRINGS = NO;
				SWIFT_VERSION = 5.0;
				TARGETED_DEVICE_FAMILY = "1,2";
				TEST_HOST = "$(BUILT_PRODUCTS_DIR)/TodoList.app/TodoList";
			};
			name = Release;
		};
		72695E4627FBE2E000A29350 /* Debug */ = {
			isa = XCBuildConfiguration;
			buildSettings = {
				ALWAYS_EMBED_SWIFT_STANDARD_LIBRARIES = YES;
				CODE_SIGN_STYLE = Automatic;
				CURRENT_PROJECT_VERSION = 1;
				GENERATE_INFOPLIST_FILE = YES;
				MARKETING_VERSION = 1.0;
				PRODUCT_BUNDLE_IDENTIFIER = practice.TodoListUITests;
				PRODUCT_NAME = "$(TARGET_NAME)";
				SWIFT_EMIT_LOC_STRINGS = NO;
				SWIFT_VERSION = 5.0;
				TARGETED_DEVICE_FAMILY = "1,2";
				TEST_TARGET_NAME = TodoList;
			};
			name = Debug;
		};
		72695E4727FBE2E000A29350 /* Release */ = {
			isa = XCBuildConfiguration;
			buildSettings = {
				ALWAYS_EMBED_SWIFT_STANDARD_LIBRARIES = YES;
				CODE_SIGN_STYLE = Automatic;
				CURRENT_PROJECT_VERSION = 1;
				GENERATE_INFOPLIST_FILE = YES;
				MARKETING_VERSION = 1.0;
				PRODUCT_BUNDLE_IDENTIFIER = practice.TodoListUITests;
				PRODUCT_NAME = "$(TARGET_NAME)";
				SWIFT_EMIT_LOC_STRINGS = NO;
				SWIFT_VERSION = 5.0;
				TARGETED_DEVICE_FAMILY = "1,2";
				TEST_TARGET_NAME = TodoList;
			};
			name = Release;
		};
/* End XCBuildConfiguration section */

/* Begin XCConfigurationList section */
		72695E1027FBE2DE00A29350 /* Build configuration list for PBXProject "TodoList" */ = {
			isa = XCConfigurationList;
			buildConfigurations = (
				72695E3D27FBE2E000A29350 /* Debug */,
				72695E3E27FBE2E000A29350 /* Release */,
			);
			defaultConfigurationIsVisible = 0;
			defaultConfigurationName = Release;
		};
		72695E3F27FBE2E000A29350 /* Build configuration list for PBXNativeTarget "TodoList" */ = {
			isa = XCConfigurationList;
			buildConfigurations = (
				72695E4027FBE2E000A29350 /* Debug */,
				72695E4127FBE2E000A29350 /* Release */,
			);
			defaultConfigurationIsVisible = 0;
			defaultConfigurationName = Release;
		};
		72695E4227FBE2E000A29350 /* Build configuration list for PBXNativeTarget "TodoListTests" */ = {
			isa = XCConfigurationList;
			buildConfigurations = (
				72695E4327FBE2E000A29350 /* Debug */,
				72695E4427FBE2E000A29350 /* Release */,
			);
			defaultConfigurationIsVisible = 0;
			defaultConfigurationName = Release;
		};
		72695E4527FBE2E000A29350 /* Build configuration list for PBXNativeTarget "TodoListUITests" */ = {
			isa = XCConfigurationList;
			buildConfigurations = (
				72695E4627FBE2E000A29350 /* Debug */,
				72695E4727FBE2E000A29350 /* Release */,
			);
			defaultConfigurationIsVisible = 0;
			defaultConfigurationName = Release;
		};
/* End XCConfigurationList section */
	};
	rootObject = 72695E0D27FBE2DE00A29350 /* Project object */;
}
