// !$*UTF8*$!
{
	archiveVersion = 1;
	classes = {
	};
	objectVersion = 55;
	objects = {

/* Begin PBXBuildFile section */
		8D2AFD7127FB08AE00307CCB /* AppDelegate.swift in Sources */ = {isa = PBXBuildFile; fileRef = 8D2AFD7027FB08AE00307CCB /* AppDelegate.swift */; };
		8D2AFD7327FB08AE00307CCB /* SceneDelegate.swift in Sources */ = {isa = PBXBuildFile; fileRef = 8D2AFD7227FB08AE00307CCB /* SceneDelegate.swift */; };
		8D2AFD7827FB08AE00307CCB /* Main.storyboard in Resources */ = {isa = PBXBuildFile; fileRef = 8D2AFD7627FB08AE00307CCB /* Main.storyboard */; };
		8D2AFD7A27FB08B000307CCB /* Assets.xcassets in Resources */ = {isa = PBXBuildFile; fileRef = 8D2AFD7927FB08B000307CCB /* Assets.xcassets */; };
		8D2AFD7D27FB08B100307CCB /* LaunchScreen.storyboard in Resources */ = {isa = PBXBuildFile; fileRef = 8D2AFD7B27FB08B100307CCB /* LaunchScreen.storyboard */; };
		8D2AFD8827FB08B100307CCB /* To_Do_ListTests.swift in Sources */ = {isa = PBXBuildFile; fileRef = 8D2AFD8727FB08B100307CCB /* To_Do_ListTests.swift */; };
		8D3B5A3D2804494400F6ECF7 /* EditCardView.swift in Sources */ = {isa = PBXBuildFile; fileRef = 8D3B5A3C2804494400F6ECF7 /* EditCardView.swift */; };
		8D46807727FB3FBB00FA9F34 /* ChildViewController.swift in Sources */ = {isa = PBXBuildFile; fileRef = 8D46807627FB3FBB00FA9F34 /* ChildViewController.swift */; };
		8D5D1AFC28055FE70035EA82 /* EditStyle.swift in Sources */ = {isa = PBXBuildFile; fileRef = 8D5D1AFB28055FE70035EA82 /* EditStyle.swift */; };
		8D5D1AFE28056A470035EA82 /* EditCardViewDelegate.swift in Sources */ = {isa = PBXBuildFile; fileRef = 8D5D1AFD28056A470035EA82 /* EditCardViewDelegate.swift */; };
		8D5D1B0128056CCF0035EA82 /* BoardHeaderDelegate.swift in Sources */ = {isa = PBXBuildFile; fileRef = 8D5D1B0028056CCF0035EA82 /* BoardHeaderDelegate.swift */; };
		8DA3CE5C27FF11DD00139BA3 /* EndPoint.swift in Sources */ = {isa = PBXBuildFile; fileRef = 8DA3CE5B27FF11DD00139BA3 /* EndPoint.swift */; };
		8DBB585227FBD8F500D129E2 /* CardCell.swift in Sources */ = {isa = PBXBuildFile; fileRef = 8DBB585127FBD8F500D129E2 /* CardCell.swift */; };
		8DBC3EA92807E7390096968A /* Board.swift in Sources */ = {isa = PBXBuildFile; fileRef = 8DBC3EA82807E7390096968A /* Board.swift */; };
		8DBC3EAB2807E7470096968A /* NetworkResult.swift in Sources */ = {isa = PBXBuildFile; fileRef = 8DBC3EAA2807E7470096968A /* NetworkResult.swift */; };
		8DC2282927FB1C4C002FB533 /* LogTableViewController.swift in Sources */ = {isa = PBXBuildFile; fileRef = 8DC2282827FB1C4C002FB533 /* LogTableViewController.swift */; };
		8DC2282B27FB1CFE002FB533 /* MainViewController.swift in Sources */ = {isa = PBXBuildFile; fileRef = 8DC2282A27FB1CFE002FB533 /* MainViewController.swift */; };
		8DD815DC27FD642800C13618 /* NetworkManager.swift in Sources */ = {isa = PBXBuildFile; fileRef = 8DD815DB27FD642800C13618 /* NetworkManager.swift */; };
		8DD815DE27FD646B00C13618 /* NetworkError.swift in Sources */ = {isa = PBXBuildFile; fileRef = 8DD815DD27FD646B00C13618 /* NetworkError.swift */; };
		8DD815E027FD655200C13618 /* HTTPMethod.swift in Sources */ = {isa = PBXBuildFile; fileRef = 8DD815DF27FD655200C13618 /* HTTPMethod.swift */; };
		8DD815E527FD691E00C13618 /* Todo.swift in Sources */ = {isa = PBXBuildFile; fileRef = 8DD815E427FD691E00C13618 /* Todo.swift */; };
		8DDD3A3F2803079500203BB9 /* MockJsonData.json in Resources */ = {isa = PBXBuildFile; fileRef = 8DDD3A3E2803079500203BB9 /* MockJsonData.json */; };
		8DDD3A422803107900203BB9 /* TestURLProtocol.swift in Sources */ = {isa = PBXBuildFile; fileRef = 8DDD3A412803107900203BB9 /* TestURLProtocol.swift */; };
		8DDD3A4328039FD600203BB9 /* TestURLProtocol.swift in Sources */ = {isa = PBXBuildFile; fileRef = 8DDD3A412803107900203BB9 /* TestURLProtocol.swift */; };
		8DDD3A4428039FD800203BB9 /* NetworkManager.swift in Sources */ = {isa = PBXBuildFile; fileRef = 8DD815DB27FD642800C13618 /* NetworkManager.swift */; };
		8DDD3A4628039FE100203BB9 /* EndPoint.swift in Sources */ = {isa = PBXBuildFile; fileRef = 8DA3CE5B27FF11DD00139BA3 /* EndPoint.swift */; };
		8DDD3A4728039FE300203BB9 /* MockJsonData.json in Resources */ = {isa = PBXBuildFile; fileRef = 8DDD3A3E2803079500203BB9 /* MockJsonData.json */; };
		8DDD3A4828039FE600203BB9 /* NetworkError.swift in Sources */ = {isa = PBXBuildFile; fileRef = 8DD815DD27FD646B00C13618 /* NetworkError.swift */; };
		8DDD3A4928039FE800203BB9 /* HTTPMethod.swift in Sources */ = {isa = PBXBuildFile; fileRef = 8DD815DF27FD655200C13618 /* HTTPMethod.swift */; };
		8DDD3A4A2803A34B00203BB9 /* Todo.swift in Sources */ = {isa = PBXBuildFile; fileRef = 8DD815E427FD691E00C13618 /* Todo.swift */; };
		8DEAB47E28067007004D682A /* EditViewControllerDelegate.swift in Sources */ = {isa = PBXBuildFile; fileRef = 8DEAB47D28067007004D682A /* EditViewControllerDelegate.swift */; };
		B70BD64227FBD1E7001BE68F /* BoardHeader.swift in Sources */ = {isa = PBXBuildFile; fileRef = B70BD64127FBD1E7001BE68F /* BoardHeader.swift */; };
		B730BBB027FED3BE006DC969 /* BoardTableView.swift in Sources */ = {isa = PBXBuildFile; fileRef = B730BBAF27FED3BE006DC969 /* BoardTableView.swift */; };
		B74C6AFF2806A93F009A8BFA /* BoardTableDelegate.swift in Sources */ = {isa = PBXBuildFile; fileRef = B74C6AFE2806A93F009A8BFA /* BoardTableDelegate.swift */; };
		B74C6B0128071AC3009A8BFA /* Action.swift in Sources */ = {isa = PBXBuildFile; fileRef = B74C6B0028071AC3009A8BFA /* Action.swift */; };
		B771A84428044C9A00343BAE /* Log.swift in Sources */ = {isa = PBXBuildFile; fileRef = B771A84328044C9A00343BAE /* Log.swift */; };
		B771A846280453EC00343BAE /* LogCell.swift in Sources */ = {isa = PBXBuildFile; fileRef = B771A845280453EC00343BAE /* LogCell.swift */; };
		B771A84A280457EA00343BAE /* Extension.swift in Sources */ = {isa = PBXBuildFile; fileRef = B771A849280457EA00343BAE /* Extension.swift */; };
		B771A8502805434F00343BAE /* NewCard.swift in Sources */ = {isa = PBXBuildFile; fileRef = B771A84F2805434E00343BAE /* NewCard.swift */; };
		B771A8552805469200343BAE /* EditCardViewController.swift in Sources */ = {isa = PBXBuildFile; fileRef = B771A8542805469200343BAE /* EditCardViewController.swift */; };
/* End PBXBuildFile section */

/* Begin PBXContainerItemProxy section */
		8D2AFD8427FB08B100307CCB /* PBXContainerItemProxy */ = {
			isa = PBXContainerItemProxy;
			containerPortal = 8D2AFD6527FB08AE00307CCB /* Project object */;
			proxyType = 1;
			remoteGlobalIDString = 8D2AFD6C27FB08AE00307CCB;
			remoteInfo = "To-Do_List";
		};
/* End PBXContainerItemProxy section */

/* Begin PBXFileReference section */
		8D2AFD6D27FB08AE00307CCB /* To-Do_List.app */ = {isa = PBXFileReference; explicitFileType = wrapper.application; includeInIndex = 0; path = "To-Do_List.app"; sourceTree = BUILT_PRODUCTS_DIR; };
		8D2AFD7027FB08AE00307CCB /* AppDelegate.swift */ = {isa = PBXFileReference; lastKnownFileType = sourcecode.swift; path = AppDelegate.swift; sourceTree = "<group>"; };
		8D2AFD7227FB08AE00307CCB /* SceneDelegate.swift */ = {isa = PBXFileReference; lastKnownFileType = sourcecode.swift; path = SceneDelegate.swift; sourceTree = "<group>"; };
		8D2AFD7727FB08AE00307CCB /* Base */ = {isa = PBXFileReference; lastKnownFileType = file.storyboard; name = Base; path = Base.lproj/Main.storyboard; sourceTree = "<group>"; };
		8D2AFD7927FB08B000307CCB /* Assets.xcassets */ = {isa = PBXFileReference; lastKnownFileType = folder.assetcatalog; path = Assets.xcassets; sourceTree = "<group>"; };
		8D2AFD7C27FB08B100307CCB /* Base */ = {isa = PBXFileReference; lastKnownFileType = file.storyboard; name = Base; path = Base.lproj/LaunchScreen.storyboard; sourceTree = "<group>"; };
		8D2AFD7E27FB08B100307CCB /* Info.plist */ = {isa = PBXFileReference; lastKnownFileType = text.plist.xml; path = Info.plist; sourceTree = "<group>"; };
		8D2AFD8327FB08B100307CCB /* To-Do_ListTests.xctest */ = {isa = PBXFileReference; explicitFileType = wrapper.cfbundle; includeInIndex = 0; path = "To-Do_ListTests.xctest"; sourceTree = BUILT_PRODUCTS_DIR; };
		8D2AFD8727FB08B100307CCB /* To_Do_ListTests.swift */ = {isa = PBXFileReference; lastKnownFileType = sourcecode.swift; path = To_Do_ListTests.swift; sourceTree = "<group>"; };
		8D3B5A3C2804494400F6ECF7 /* EditCardView.swift */ = {isa = PBXFileReference; lastKnownFileType = sourcecode.swift; path = EditCardView.swift; sourceTree = "<group>"; };
		8D46807627FB3FBB00FA9F34 /* ChildViewController.swift */ = {isa = PBXFileReference; lastKnownFileType = sourcecode.swift; path = ChildViewController.swift; sourceTree = "<group>"; };
		8D5D1AFB28055FE70035EA82 /* EditStyle.swift */ = {isa = PBXFileReference; lastKnownFileType = sourcecode.swift; path = EditStyle.swift; sourceTree = "<group>"; };
		8D5D1AFD28056A470035EA82 /* EditCardViewDelegate.swift */ = {isa = PBXFileReference; lastKnownFileType = sourcecode.swift; path = EditCardViewDelegate.swift; sourceTree = "<group>"; };
		8D5D1B0028056CCF0035EA82 /* BoardHeaderDelegate.swift */ = {isa = PBXFileReference; lastKnownFileType = sourcecode.swift; path = BoardHeaderDelegate.swift; sourceTree = "<group>"; };
		8DA3CE5B27FF11DD00139BA3 /* EndPoint.swift */ = {isa = PBXFileReference; lastKnownFileType = sourcecode.swift; path = EndPoint.swift; sourceTree = "<group>"; };
		8DBB585127FBD8F500D129E2 /* CardCell.swift */ = {isa = PBXFileReference; lastKnownFileType = sourcecode.swift; path = CardCell.swift; sourceTree = "<group>"; };
		8DBC3EA82807E7390096968A /* Board.swift */ = {isa = PBXFileReference; lastKnownFileType = sourcecode.swift; path = Board.swift; sourceTree = "<group>"; };
		8DBC3EAA2807E7470096968A /* NetworkResult.swift */ = {isa = PBXFileReference; lastKnownFileType = sourcecode.swift; path = NetworkResult.swift; sourceTree = "<group>"; };
		8DC2282827FB1C4C002FB533 /* LogTableViewController.swift */ = {isa = PBXFileReference; lastKnownFileType = sourcecode.swift; path = LogTableViewController.swift; sourceTree = "<group>"; };
		8DC2282A27FB1CFE002FB533 /* MainViewController.swift */ = {isa = PBXFileReference; lastKnownFileType = sourcecode.swift; path = MainViewController.swift; sourceTree = "<group>"; };
		8DD815DB27FD642800C13618 /* NetworkManager.swift */ = {isa = PBXFileReference; fileEncoding = 4; lastKnownFileType = sourcecode.swift; path = NetworkManager.swift; sourceTree = "<group>"; };
		8DD815DD27FD646B00C13618 /* NetworkError.swift */ = {isa = PBXFileReference; lastKnownFileType = sourcecode.swift; path = NetworkError.swift; sourceTree = "<group>"; };
		8DD815DF27FD655200C13618 /* HTTPMethod.swift */ = {isa = PBXFileReference; lastKnownFileType = sourcecode.swift; path = HTTPMethod.swift; sourceTree = "<group>"; };
		8DD815E427FD691E00C13618 /* Todo.swift */ = {isa = PBXFileReference; lastKnownFileType = sourcecode.swift; path = Todo.swift; sourceTree = "<group>"; };
		8DDD3A3E2803079500203BB9 /* MockJsonData.json */ = {isa = PBXFileReference; lastKnownFileType = text.json; path = MockJsonData.json; sourceTree = "<group>"; };
		8DDD3A412803107900203BB9 /* TestURLProtocol.swift */ = {isa = PBXFileReference; lastKnownFileType = sourcecode.swift; path = TestURLProtocol.swift; sourceTree = "<group>"; };
		8DEAB47D28067007004D682A /* EditViewControllerDelegate.swift */ = {isa = PBXFileReference; lastKnownFileType = sourcecode.swift; path = EditViewControllerDelegate.swift; sourceTree = "<group>"; };
		B70BD64127FBD1E7001BE68F /* BoardHeader.swift */ = {isa = PBXFileReference; lastKnownFileType = sourcecode.swift; path = BoardHeader.swift; sourceTree = "<group>"; };
		B730BBAF27FED3BE006DC969 /* BoardTableView.swift */ = {isa = PBXFileReference; lastKnownFileType = sourcecode.swift; path = BoardTableView.swift; sourceTree = "<group>"; };
		B74C6AFE2806A93F009A8BFA /* BoardTableDelegate.swift */ = {isa = PBXFileReference; lastKnownFileType = sourcecode.swift; path = BoardTableDelegate.swift; sourceTree = "<group>"; };
		B74C6B0028071AC3009A8BFA /* Action.swift */ = {isa = PBXFileReference; lastKnownFileType = sourcecode.swift; path = Action.swift; sourceTree = "<group>"; };
		B771A84328044C9A00343BAE /* Log.swift */ = {isa = PBXFileReference; lastKnownFileType = sourcecode.swift; path = Log.swift; sourceTree = "<group>"; };
		B771A845280453EC00343BAE /* LogCell.swift */ = {isa = PBXFileReference; lastKnownFileType = sourcecode.swift; path = LogCell.swift; sourceTree = "<group>"; };
		B771A849280457EA00343BAE /* Extension.swift */ = {isa = PBXFileReference; lastKnownFileType = sourcecode.swift; path = Extension.swift; sourceTree = "<group>"; };
		B771A84F2805434E00343BAE /* NewCard.swift */ = {isa = PBXFileReference; lastKnownFileType = sourcecode.swift; path = NewCard.swift; sourceTree = "<group>"; };
		B771A8542805469200343BAE /* EditCardViewController.swift */ = {isa = PBXFileReference; lastKnownFileType = sourcecode.swift; path = EditCardViewController.swift; sourceTree = "<group>"; };
/* End PBXFileReference section */

/* Begin PBXFrameworksBuildPhase section */
		8D2AFD6A27FB08AE00307CCB /* Frameworks */ = {
			isa = PBXFrameworksBuildPhase;
			buildActionMask = 2147483647;
			files = (
			);
			runOnlyForDeploymentPostprocessing = 0;
		};
		8D2AFD8027FB08B100307CCB /* Frameworks */ = {
			isa = PBXFrameworksBuildPhase;
			buildActionMask = 2147483647;
			files = (
			);
			runOnlyForDeploymentPostprocessing = 0;
		};
/* End PBXFrameworksBuildPhase section */

/* Begin PBXGroup section */
		8D2AFD6427FB08AE00307CCB = {
			isa = PBXGroup;
			children = (
				8D2AFD6F27FB08AE00307CCB /* To-Do_List */,
				8D2AFD8627FB08B100307CCB /* To-Do_ListTests */,
				8D2AFD6E27FB08AE00307CCB /* Products */,
			);
			sourceTree = "<group>";
		};
		8D2AFD6E27FB08AE00307CCB /* Products */ = {
			isa = PBXGroup;
			children = (
				8D2AFD6D27FB08AE00307CCB /* To-Do_List.app */,
				8D2AFD8327FB08B100307CCB /* To-Do_ListTests.xctest */,
			);
			name = Products;
			sourceTree = "<group>";
		};
		8D2AFD6F27FB08AE00307CCB /* To-Do_List */ = {
			isa = PBXGroup;
			children = (
				B771A8532805466900343BAE /* ViewController */,
				B70BD64027FBD1CF001BE68F /* View */,
				B771A842280447C000343BAE /* Model */,
				8DD815E127FD655C00C13618 /* Network */,
				8DC2282D27FB1D22002FB533 /* LogTable */,
				B730BBAC27FECAFC006DC969 /* Utils */,
				8D5D1AFF28056CC10035EA82 /* Delegate */,
				8D2AFD7627FB08AE00307CCB /* Main.storyboard */,
				8DC876B727FB0C560014FC94 /* SupportingFiles */,
				8D2AFD7E27FB08B100307CCB /* Info.plist */,
			);
			path = "To-Do_List";
			sourceTree = "<group>";
		};
		8D2AFD8627FB08B100307CCB /* To-Do_ListTests */ = {
			isa = PBXGroup;
			children = (
				8D2AFD8727FB08B100307CCB /* To_Do_ListTests.swift */,
				8DDD3A4B2803C3AD00203BB9 /* Test */,
			);
			path = "To-Do_ListTests";
			sourceTree = "<group>";
		};
		8D5D1AFF28056CC10035EA82 /* Delegate */ = {
			isa = PBXGroup;
			children = (
				8DEAB47D28067007004D682A /* EditViewControllerDelegate.swift */,
				8D5D1AFD28056A470035EA82 /* EditCardViewDelegate.swift */,
				8D5D1B0028056CCF0035EA82 /* BoardHeaderDelegate.swift */,
				B74C6AFE2806A93F009A8BFA /* BoardTableDelegate.swift */,
			);
			path = Delegate;
			sourceTree = "<group>";
		};
		8DC2282D27FB1D22002FB533 /* LogTable */ = {
			isa = PBXGroup;
			children = (
				8DC2282827FB1C4C002FB533 /* LogTableViewController.swift */,
			);
			path = LogTable;
			sourceTree = "<group>";
		};
		8DC876B727FB0C560014FC94 /* SupportingFiles */ = {
			isa = PBXGroup;
			children = (
				8D2AFD7027FB08AE00307CCB /* AppDelegate.swift */,
				8D2AFD7227FB08AE00307CCB /* SceneDelegate.swift */,
				8D2AFD7927FB08B000307CCB /* Assets.xcassets */,
				8D2AFD7B27FB08B100307CCB /* LaunchScreen.storyboard */,
			);
			path = SupportingFiles;
			sourceTree = "<group>";
		};
		8DD815E127FD655C00C13618 /* Network */ = {
			isa = PBXGroup;
			children = (
				8DA3CE5B27FF11DD00139BA3 /* EndPoint.swift */,
				8DD815DB27FD642800C13618 /* NetworkManager.swift */,
				8DD815DD27FD646B00C13618 /* NetworkError.swift */,
				8DD815DF27FD655200C13618 /* HTTPMethod.swift */,
			);
			path = Network;
			sourceTree = "<group>";
		};
		8DDD3A4B2803C3AD00203BB9 /* Test */ = {
			isa = PBXGroup;
			children = (
				8DDD3A3E2803079500203BB9 /* MockJsonData.json */,
				8DDD3A412803107900203BB9 /* TestURLProtocol.swift */,
			);
			path = Test;
			sourceTree = "<group>";
		};
		B70BD64027FBD1CF001BE68F /* View */ = {
			isa = PBXGroup;
			children = (
				8D3B5A3C2804494400F6ECF7 /* EditCardView.swift */,
				B70BD64127FBD1E7001BE68F /* BoardHeader.swift */,
				8DBB585127FBD8F500D129E2 /* CardCell.swift */,
				B771A845280453EC00343BAE /* LogCell.swift */,
				B730BBAF27FED3BE006DC969 /* BoardTableView.swift */,
			);
			path = View;
			sourceTree = "<group>";
		};
		B730BBAC27FECAFC006DC969 /* Utils */ = {
			isa = PBXGroup;
			children = (
				B771A849280457EA00343BAE /* Extension.swift */,
			);
			path = Utils;
			sourceTree = "<group>";
		};
		B771A842280447C000343BAE /* Model */ = {
			isa = PBXGroup;
			children = (
				8DD815E427FD691E00C13618 /* Todo.swift */,
				B771A84F2805434E00343BAE /* NewCard.swift */,
				8DBC3EAA2807E7470096968A /* NetworkResult.swift */,
				8DBC3EA82807E7390096968A /* Board.swift */,
				B74C6B0028071AC3009A8BFA /* Action.swift */,
				B771A84328044C9A00343BAE /* Log.swift */,
				8D5D1AFB28055FE70035EA82 /* EditStyle.swift */,
			);
			path = Model;
			sourceTree = "<group>";
		};
		B771A8532805466900343BAE /* ViewController */ = {
			isa = PBXGroup;
			children = (
				8DC2282A27FB1CFE002FB533 /* MainViewController.swift */,
				8D46807627FB3FBB00FA9F34 /* ChildViewController.swift */,
				B771A8542805469200343BAE /* EditCardViewController.swift */,
			);
			path = ViewController;
			sourceTree = "<group>";
		};
/* End PBXGroup section */

/* Begin PBXNativeTarget section */
		8D2AFD6C27FB08AE00307CCB /* To-Do_List */ = {
			isa = PBXNativeTarget;
			buildConfigurationList = 8D2AFD9727FB08B100307CCB /* Build configuration list for PBXNativeTarget "To-Do_List" */;
			buildPhases = (
				8D2AFD6927FB08AE00307CCB /* Sources */,
				8D2AFD6A27FB08AE00307CCB /* Frameworks */,
				8D2AFD6B27FB08AE00307CCB /* Resources */,
			);
			buildRules = (
			);
			dependencies = (
			);
			name = "To-Do_List";
			productName = "To-Do_List";
			productReference = 8D2AFD6D27FB08AE00307CCB /* To-Do_List.app */;
			productType = "com.apple.product-type.application";
		};
		8D2AFD8227FB08B100307CCB /* To-Do_ListTests */ = {
			isa = PBXNativeTarget;
			buildConfigurationList = 8D2AFD9A27FB08B100307CCB /* Build configuration list for PBXNativeTarget "To-Do_ListTests" */;
			buildPhases = (
				8D2AFD7F27FB08B100307CCB /* Sources */,
				8D2AFD8027FB08B100307CCB /* Frameworks */,
				8D2AFD8127FB08B100307CCB /* Resources */,
			);
			buildRules = (
			);
			dependencies = (
				8D2AFD8527FB08B100307CCB /* PBXTargetDependency */,
			);
			name = "To-Do_ListTests";
			productName = "To-Do_ListTests";
			productReference = 8D2AFD8327FB08B100307CCB /* To-Do_ListTests.xctest */;
			productType = "com.apple.product-type.bundle.unit-test";
		};
/* End PBXNativeTarget section */

/* Begin PBXProject section */
		8D2AFD6527FB08AE00307CCB /* Project object */ = {
			isa = PBXProject;
			attributes = {
				BuildIndependentTargetsInParallel = 1;
				LastSwiftUpdateCheck = 1320;
				LastUpgradeCheck = 1320;
				TargetAttributes = {
					8D2AFD6C27FB08AE00307CCB = {
						CreatedOnToolsVersion = 13.2.1;
					};
					8D2AFD8227FB08B100307CCB = {
						CreatedOnToolsVersion = 13.2.1;
						TestTargetID = 8D2AFD6C27FB08AE00307CCB;
					};
				};
			};
			buildConfigurationList = 8D2AFD6827FB08AE00307CCB /* Build configuration list for PBXProject "To-Do_List" */;
			compatibilityVersion = "Xcode 13.0";
			developmentRegion = en;
			hasScannedForEncodings = 0;
			knownRegions = (
				en,
				Base,
			);
			mainGroup = 8D2AFD6427FB08AE00307CCB;
			productRefGroup = 8D2AFD6E27FB08AE00307CCB /* Products */;
			projectDirPath = "";
			projectRoot = "";
			targets = (
				8D2AFD6C27FB08AE00307CCB /* To-Do_List */,
				8D2AFD8227FB08B100307CCB /* To-Do_ListTests */,
			);
		};
/* End PBXProject section */

/* Begin PBXResourcesBuildPhase section */
		8D2AFD6B27FB08AE00307CCB /* Resources */ = {
			isa = PBXResourcesBuildPhase;
			buildActionMask = 2147483647;
			files = (
				8D2AFD7D27FB08B100307CCB /* LaunchScreen.storyboard in Resources */,
				8D2AFD7A27FB08B000307CCB /* Assets.xcassets in Resources */,
				8DDD3A3F2803079500203BB9 /* MockJsonData.json in Resources */,
				8D2AFD7827FB08AE00307CCB /* Main.storyboard in Resources */,
			);
			runOnlyForDeploymentPostprocessing = 0;
		};
		8D2AFD8127FB08B100307CCB /* Resources */ = {
			isa = PBXResourcesBuildPhase;
			buildActionMask = 2147483647;
			files = (
				8DDD3A4728039FE300203BB9 /* MockJsonData.json in Resources */,
			);
			runOnlyForDeploymentPostprocessing = 0;
		};
/* End PBXResourcesBuildPhase section */

/* Begin PBXSourcesBuildPhase section */
		8D2AFD6927FB08AE00307CCB /* Sources */ = {
			isa = PBXSourcesBuildPhase;
			buildActionMask = 2147483647;
			files = (
				8D46807727FB3FBB00FA9F34 /* ChildViewController.swift in Sources */,
				8DC2282B27FB1CFE002FB533 /* MainViewController.swift in Sources */,
				8DC2282927FB1C4C002FB533 /* LogTableViewController.swift in Sources */,
				8DDD3A422803107900203BB9 /* TestURLProtocol.swift in Sources */,
				8DD815E527FD691E00C13618 /* Todo.swift in Sources */,
				8D5D1AFE28056A470035EA82 /* EditCardViewDelegate.swift in Sources */,
				B730BBB027FED3BE006DC969 /* BoardTableView.swift in Sources */,
				8DBB585227FBD8F500D129E2 /* CardCell.swift in Sources */,
				8D5D1AFC28055FE70035EA82 /* EditStyle.swift in Sources */,
				B74C6B0128071AC3009A8BFA /* Action.swift in Sources */,
				8DD815E027FD655200C13618 /* HTTPMethod.swift in Sources */,
				B771A84A280457EA00343BAE /* Extension.swift in Sources */,
				8D2AFD7127FB08AE00307CCB /* AppDelegate.swift in Sources */,
				8D5D1B0128056CCF0035EA82 /* BoardHeaderDelegate.swift in Sources */,
				B771A846280453EC00343BAE /* LogCell.swift in Sources */,
				B70BD64227FBD1E7001BE68F /* BoardHeader.swift in Sources */,
				8DEAB47E28067007004D682A /* EditViewControllerDelegate.swift in Sources */,
				8DBC3EA92807E7390096968A /* Board.swift in Sources */,
				B74C6AFF2806A93F009A8BFA /* BoardTableDelegate.swift in Sources */,
				B771A8502805434F00343BAE /* NewCard.swift in Sources */,
				8DBC3EAB2807E7470096968A /* NetworkResult.swift in Sources */,
				8DD815DC27FD642800C13618 /* NetworkManager.swift in Sources */,
				B771A84428044C9A00343BAE /* Log.swift in Sources */,
				8DD815DE27FD646B00C13618 /* NetworkError.swift in Sources */,
				8DA3CE5C27FF11DD00139BA3 /* EndPoint.swift in Sources */,
				8D2AFD7327FB08AE00307CCB /* SceneDelegate.swift in Sources */,
				B771A8552805469200343BAE /* EditCardViewController.swift in Sources */,
				8D3B5A3D2804494400F6ECF7 /* EditCardView.swift in Sources */,
			);
			runOnlyForDeploymentPostprocessing = 0;
		};
		8D2AFD7F27FB08B100307CCB /* Sources */ = {
			isa = PBXSourcesBuildPhase;
			buildActionMask = 2147483647;
			files = (
				8DDD3A4A2803A34B00203BB9 /* Todo.swift in Sources */,
				8DDD3A4428039FD800203BB9 /* NetworkManager.swift in Sources */,
				8D2AFD8827FB08B100307CCB /* To_Do_ListTests.swift in Sources */,
				8DDD3A4928039FE800203BB9 /* HTTPMethod.swift in Sources */,
				8DDD3A4628039FE100203BB9 /* EndPoint.swift in Sources */,
				8DDD3A4328039FD600203BB9 /* TestURLProtocol.swift in Sources */,
				8DDD3A4828039FE600203BB9 /* NetworkError.swift in Sources */,
			);
			runOnlyForDeploymentPostprocessing = 0;
		};
/* End PBXSourcesBuildPhase section */

/* Begin PBXTargetDependency section */
		8D2AFD8527FB08B100307CCB /* PBXTargetDependency */ = {
			isa = PBXTargetDependency;
			target = 8D2AFD6C27FB08AE00307CCB /* To-Do_List */;
			targetProxy = 8D2AFD8427FB08B100307CCB /* PBXContainerItemProxy */;
		};
/* End PBXTargetDependency section */

/* Begin PBXVariantGroup section */
		8D2AFD7627FB08AE00307CCB /* Main.storyboard */ = {
			isa = PBXVariantGroup;
			children = (
				8D2AFD7727FB08AE00307CCB /* Base */,
			);
			name = Main.storyboard;
			sourceTree = "<group>";
		};
		8D2AFD7B27FB08B100307CCB /* LaunchScreen.storyboard */ = {
			isa = PBXVariantGroup;
			children = (
				8D2AFD7C27FB08B100307CCB /* Base */,
			);
			name = LaunchScreen.storyboard;
			sourceTree = "<group>";
		};
/* End PBXVariantGroup section */

/* Begin XCBuildConfiguration section */
		8D2AFD9527FB08B100307CCB /* Debug */ = {
			isa = XCBuildConfiguration;
			buildSettings = {
				ALWAYS_SEARCH_USER_PATHS = NO;
				CLANG_ANALYZER_NONNULL = YES;
				CLANG_ANALYZER_NUMBER_OBJECT_CONVERSION = YES_AGGRESSIVE;
				CLANG_CXX_LANGUAGE_STANDARD = "gnu++17";
				CLANG_CXX_LIBRARY = "libc++";
				CLANG_ENABLE_MODULES = YES;
				CLANG_ENABLE_OBJC_ARC = YES;
				CLANG_ENABLE_OBJC_WEAK = YES;
				CLANG_WARN_BLOCK_CAPTURE_AUTORELEASING = YES;
				CLANG_WARN_BOOL_CONVERSION = YES;
				CLANG_WARN_COMMA = YES;
				CLANG_WARN_CONSTANT_CONVERSION = YES;
				CLANG_WARN_DEPRECATED_OBJC_IMPLEMENTATIONS = YES;
				CLANG_WARN_DIRECT_OBJC_ISA_USAGE = YES_ERROR;
				CLANG_WARN_DOCUMENTATION_COMMENTS = YES;
				CLANG_WARN_EMPTY_BODY = YES;
				CLANG_WARN_ENUM_CONVERSION = YES;
				CLANG_WARN_INFINITE_RECURSION = YES;
				CLANG_WARN_INT_CONVERSION = YES;
				CLANG_WARN_NON_LITERAL_NULL_CONVERSION = YES;
				CLANG_WARN_OBJC_IMPLICIT_RETAIN_SELF = YES;
				CLANG_WARN_OBJC_LITERAL_CONVERSION = YES;
				CLANG_WARN_OBJC_ROOT_CLASS = YES_ERROR;
				CLANG_WARN_QUOTED_INCLUDE_IN_FRAMEWORK_HEADER = YES;
				CLANG_WARN_RANGE_LOOP_ANALYSIS = YES;
				CLANG_WARN_STRICT_PROTOTYPES = YES;
				CLANG_WARN_SUSPICIOUS_MOVE = YES;
				CLANG_WARN_UNGUARDED_AVAILABILITY = YES_AGGRESSIVE;
				CLANG_WARN_UNREACHABLE_CODE = YES;
				CLANG_WARN__DUPLICATE_METHOD_MATCH = YES;
				COPY_PHASE_STRIP = NO;
				DEBUG_INFORMATION_FORMAT = dwarf;
				ENABLE_STRICT_OBJC_MSGSEND = YES;
				ENABLE_TESTABILITY = YES;
				GCC_C_LANGUAGE_STANDARD = gnu11;
				GCC_DYNAMIC_NO_PIC = NO;
				GCC_NO_COMMON_BLOCKS = YES;
				GCC_OPTIMIZATION_LEVEL = 0;
				GCC_PREPROCESSOR_DEFINITIONS = (
					"DEBUG=1",
					"$(inherited)",
				);
				GCC_WARN_64_TO_32_BIT_CONVERSION = YES;
				GCC_WARN_ABOUT_RETURN_TYPE = YES_ERROR;
				GCC_WARN_UNDECLARED_SELECTOR = YES;
				GCC_WARN_UNINITIALIZED_AUTOS = YES_AGGRESSIVE;
				GCC_WARN_UNUSED_FUNCTION = YES;
				GCC_WARN_UNUSED_VARIABLE = YES;
				IPHONEOS_DEPLOYMENT_TARGET = 15.2;
				MTL_ENABLE_DEBUG_INFO = INCLUDE_SOURCE;
				MTL_FAST_MATH = YES;
				ONLY_ACTIVE_ARCH = YES;
				SDKROOT = iphoneos;
				SWIFT_ACTIVE_COMPILATION_CONDITIONS = DEBUG;
				SWIFT_OPTIMIZATION_LEVEL = "-Onone";
			};
			name = Debug;
		};
		8D2AFD9627FB08B100307CCB /* Release */ = {
			isa = XCBuildConfiguration;
			buildSettings = {
				ALWAYS_SEARCH_USER_PATHS = NO;
				CLANG_ANALYZER_NONNULL = YES;
				CLANG_ANALYZER_NUMBER_OBJECT_CONVERSION = YES_AGGRESSIVE;
				CLANG_CXX_LANGUAGE_STANDARD = "gnu++17";
				CLANG_CXX_LIBRARY = "libc++";
				CLANG_ENABLE_MODULES = YES;
				CLANG_ENABLE_OBJC_ARC = YES;
				CLANG_ENABLE_OBJC_WEAK = YES;
				CLANG_WARN_BLOCK_CAPTURE_AUTORELEASING = YES;
				CLANG_WARN_BOOL_CONVERSION = YES;
				CLANG_WARN_COMMA = YES;
				CLANG_WARN_CONSTANT_CONVERSION = YES;
				CLANG_WARN_DEPRECATED_OBJC_IMPLEMENTATIONS = YES;
				CLANG_WARN_DIRECT_OBJC_ISA_USAGE = YES_ERROR;
				CLANG_WARN_DOCUMENTATION_COMMENTS = YES;
				CLANG_WARN_EMPTY_BODY = YES;
				CLANG_WARN_ENUM_CONVERSION = YES;
				CLANG_WARN_INFINITE_RECURSION = YES;
				CLANG_WARN_INT_CONVERSION = YES;
				CLANG_WARN_NON_LITERAL_NULL_CONVERSION = YES;
				CLANG_WARN_OBJC_IMPLICIT_RETAIN_SELF = YES;
				CLANG_WARN_OBJC_LITERAL_CONVERSION = YES;
				CLANG_WARN_OBJC_ROOT_CLASS = YES_ERROR;
				CLANG_WARN_QUOTED_INCLUDE_IN_FRAMEWORK_HEADER = YES;
				CLANG_WARN_RANGE_LOOP_ANALYSIS = YES;
				CLANG_WARN_STRICT_PROTOTYPES = YES;
				CLANG_WARN_SUSPICIOUS_MOVE = YES;
				CLANG_WARN_UNGUARDED_AVAILABILITY = YES_AGGRESSIVE;
				CLANG_WARN_UNREACHABLE_CODE = YES;
				CLANG_WARN__DUPLICATE_METHOD_MATCH = YES;
				COPY_PHASE_STRIP = NO;
				DEBUG_INFORMATION_FORMAT = "dwarf-with-dsym";
				ENABLE_NS_ASSERTIONS = NO;
				ENABLE_STRICT_OBJC_MSGSEND = YES;
				GCC_C_LANGUAGE_STANDARD = gnu11;
				GCC_NO_COMMON_BLOCKS = YES;
				GCC_WARN_64_TO_32_BIT_CONVERSION = YES;
				GCC_WARN_ABOUT_RETURN_TYPE = YES_ERROR;
				GCC_WARN_UNDECLARED_SELECTOR = YES;
				GCC_WARN_UNINITIALIZED_AUTOS = YES_AGGRESSIVE;
				GCC_WARN_UNUSED_FUNCTION = YES;
				GCC_WARN_UNUSED_VARIABLE = YES;
				IPHONEOS_DEPLOYMENT_TARGET = 15.2;
				MTL_ENABLE_DEBUG_INFO = NO;
				MTL_FAST_MATH = YES;
				SDKROOT = iphoneos;
				SWIFT_COMPILATION_MODE = wholemodule;
				SWIFT_OPTIMIZATION_LEVEL = "-O";
				VALIDATE_PRODUCT = YES;
			};
			name = Release;
		};
		8D2AFD9827FB08B100307CCB /* Debug */ = {
			isa = XCBuildConfiguration;
			buildSettings = {
				ASSETCATALOG_COMPILER_APPICON_NAME = AppIcon;
				ASSETCATALOG_COMPILER_GLOBAL_ACCENT_COLOR_NAME = AccentColor;
				CODE_SIGN_STYLE = Automatic;
				CURRENT_PROJECT_VERSION = 1.1;
				DEVELOPMENT_TEAM = B3PWYBKFUK;
				GENERATE_INFOPLIST_FILE = YES;
				INFOPLIST_FILE = "To-Do_List/Info.plist";
				INFOPLIST_KEY_UIApplicationSupportsIndirectInputEvents = YES;
				INFOPLIST_KEY_UILaunchStoryboardName = LaunchScreen;
				INFOPLIST_KEY_UIMainStoryboardFile = Main;
				INFOPLIST_KEY_UISupportedInterfaceOrientations_iPad = "UIInterfaceOrientationPortrait UIInterfaceOrientationPortraitUpsideDown UIInterfaceOrientationLandscapeLeft UIInterfaceOrientationLandscapeRight";
				INFOPLIST_KEY_UISupportedInterfaceOrientations_iPhone = "UIInterfaceOrientationPortrait UIInterfaceOrientationLandscapeLeft UIInterfaceOrientationLandscapeRight";
				LD_RUNPATH_SEARCH_PATHS = (
					"$(inherited)",
					"@executable_path/Frameworks",
				);
				MARKETING_VERSION = 1.1;
				PRODUCT_BUNDLE_IDENTIFIER = "com.SeobJin.To-Do-List";
				PRODUCT_NAME = "$(TARGET_NAME)";
				SWIFT_EMIT_LOC_STRINGS = YES;
				SWIFT_VERSION = 5.0;
				TARGETED_DEVICE_FAMILY = "1,2";
			};
			name = Debug;
		};
		8D2AFD9927FB08B100307CCB /* Release */ = {
			isa = XCBuildConfiguration;
			buildSettings = {
				ASSETCATALOG_COMPILER_APPICON_NAME = AppIcon;
				ASSETCATALOG_COMPILER_GLOBAL_ACCENT_COLOR_NAME = AccentColor;
				CODE_SIGN_STYLE = Automatic;
				CURRENT_PROJECT_VERSION = 1.1;
				DEVELOPMENT_TEAM = B3PWYBKFUK;
				GENERATE_INFOPLIST_FILE = YES;
				INFOPLIST_FILE = "To-Do_List/Info.plist";
				INFOPLIST_KEY_UIApplicationSupportsIndirectInputEvents = YES;
				INFOPLIST_KEY_UILaunchStoryboardName = LaunchScreen;
				INFOPLIST_KEY_UIMainStoryboardFile = Main;
				INFOPLIST_KEY_UISupportedInterfaceOrientations_iPad = "UIInterfaceOrientationPortrait UIInterfaceOrientationPortraitUpsideDown UIInterfaceOrientationLandscapeLeft UIInterfaceOrientationLandscapeRight";
				INFOPLIST_KEY_UISupportedInterfaceOrientations_iPhone = "UIInterfaceOrientationPortrait UIInterfaceOrientationLandscapeLeft UIInterfaceOrientationLandscapeRight";
				LD_RUNPATH_SEARCH_PATHS = (
					"$(inherited)",
					"@executable_path/Frameworks",
				);
				MARKETING_VERSION = 1.1;
				PRODUCT_BUNDLE_IDENTIFIER = "com.SeobJin.To-Do-List";
				PRODUCT_NAME = "$(TARGET_NAME)";
				SWIFT_EMIT_LOC_STRINGS = YES;
				SWIFT_VERSION = 5.0;
				TARGETED_DEVICE_FAMILY = "1,2";
			};
			name = Release;
		};
		8D2AFD9B27FB08B100307CCB /* Debug */ = {
			isa = XCBuildConfiguration;
			buildSettings = {
				ALWAYS_EMBED_SWIFT_STANDARD_LIBRARIES = YES;
				BUNDLE_LOADER = "$(TEST_HOST)";
				CODE_SIGN_STYLE = Automatic;
				CURRENT_PROJECT_VERSION = 1;
				DEVELOPMENT_TEAM = B3PWYBKFUK;
				GENERATE_INFOPLIST_FILE = YES;
				IPHONEOS_DEPLOYMENT_TARGET = 15.2;
				MARKETING_VERSION = 1.0;
				PRODUCT_BUNDLE_IDENTIFIER = "com.SeobJin.To-Do-ListTests";
				PRODUCT_NAME = "$(TARGET_NAME)";
				SWIFT_EMIT_LOC_STRINGS = NO;
				SWIFT_VERSION = 5.0;
				TARGETED_DEVICE_FAMILY = "1,2";
				TEST_HOST = "$(BUILT_PRODUCTS_DIR)/To-Do_List.app/To-Do_List";
			};
			name = Debug;
		};
		8D2AFD9C27FB08B100307CCB /* Release */ = {
			isa = XCBuildConfiguration;
			buildSettings = {
				ALWAYS_EMBED_SWIFT_STANDARD_LIBRARIES = YES;
				BUNDLE_LOADER = "$(TEST_HOST)";
				CODE_SIGN_STYLE = Automatic;
				CURRENT_PROJECT_VERSION = 1;
				DEVELOPMENT_TEAM = B3PWYBKFUK;
				GENERATE_INFOPLIST_FILE = YES;
				IPHONEOS_DEPLOYMENT_TARGET = 15.2;
				MARKETING_VERSION = 1.0;
				PRODUCT_BUNDLE_IDENTIFIER = "com.SeobJin.To-Do-ListTests";
				PRODUCT_NAME = "$(TARGET_NAME)";
				SWIFT_EMIT_LOC_STRINGS = NO;
				SWIFT_VERSION = 5.0;
				TARGETED_DEVICE_FAMILY = "1,2";
				TEST_HOST = "$(BUILT_PRODUCTS_DIR)/To-Do_List.app/To-Do_List";
			};
			name = Release;
		};
/* End XCBuildConfiguration section */

/* Begin XCConfigurationList section */
		8D2AFD6827FB08AE00307CCB /* Build configuration list for PBXProject "To-Do_List" */ = {
			isa = XCConfigurationList;
			buildConfigurations = (
				8D2AFD9527FB08B100307CCB /* Debug */,
				8D2AFD9627FB08B100307CCB /* Release */,
			);
			defaultConfigurationIsVisible = 0;
			defaultConfigurationName = Release;
		};
		8D2AFD9727FB08B100307CCB /* Build configuration list for PBXNativeTarget "To-Do_List" */ = {
			isa = XCConfigurationList;
			buildConfigurations = (
				8D2AFD9827FB08B100307CCB /* Debug */,
				8D2AFD9927FB08B100307CCB /* Release */,
			);
			defaultConfigurationIsVisible = 0;
			defaultConfigurationName = Release;
		};
		8D2AFD9A27FB08B100307CCB /* Build configuration list for PBXNativeTarget "To-Do_ListTests" */ = {
			isa = XCConfigurationList;
			buildConfigurations = (
				8D2AFD9B27FB08B100307CCB /* Debug */,
				8D2AFD9C27FB08B100307CCB /* Release */,
			);
			defaultConfigurationIsVisible = 0;
			defaultConfigurationName = Release;
		};
/* End XCConfigurationList section */
	};
	rootObject = 8D2AFD6527FB08AE00307CCB /* Project object */;
}
